{
  "name": "rxjs-test",
  "version": "1.0.0",
  "lockfileVersion": 1,
  "requires": true,
  "dependencies": {
    "rxjs": {
      "version": "6.5.4",
      "resolved": "https://registry.npmjs.org/rxjs/-/rxjs-6.5.4.tgz",
      "integrity": "sha512-naMQXcgEo3csAEGvw/NydRA0fuS2nDZJiw1YUWFKU7aPPAPGZEsD4Iimit96qwCieH6y614MCLYwdkrWx7z/7Q==",
      "requires": {
        "tslib": "1.11.0"
      }
    },
    "tslib": {
      "version": "1.11.0",
      "resolved": "https://registry.npmjs.org/tslib/-/tslib-1.11.0.tgz",
      "integrity": "sha512-BmndXUtiTn/VDDrJzQE7Mm22Ix3PxgLltW9bSNLoeCY31gnG2OPx0QqJnuc9oMIKioYrz487i6K9o4Pdn0j+Kg=="
    }
  }
}
