{
  "name": "chrome-devtools-frontend-test",
  "version": "1.0.0",
  "lockfileVersion": 1,
  "requires": true,
  "dependencies": {
    "chrome-devtools-frontend": {
      "version": "1.0.530099",
      "resolved": "https://registry.npmjs.org/chrome-devtools-frontend/-/chrome-devtools-frontend-1.0.530099.tgz",
      "integrity": "sha512-YJtcgF83kM5aYlnN2UuiSFng6dsA57KVY2eb0FnQ9hqeI7qJ61Ai50xqbNYoaCFimDjkYFQ6eniUxn67fA67mQ=="
    }
  }
}
