{
  "name": "vue-test",
  "version": "1.0.0",
  "lockfileVersion": 1,
  "requires": true,
  "dependencies": {
    "vue": {
      "version": "2.5.2",
      "resolved": "https://registry.npmjs.org/vue/-/vue-2.5.2.tgz",
      "integrity": "sha512-Au9rf8fPkBulFHfZ406UaQDd1jH9fqGRIM+0IHilrXnJ/0TeeMH4SBkNxWf2dGevl2S3aVeu0E/WklEv0/msag=="
    }
  }
}
