{
  "name": "eventemitter2-test",
  "version": "1.0.0",
  "lockfileVersion": 1,
  "requires": true,
  "dependencies": {
    "eventemitter2": {
      "version": "6.0.0",
      "resolved": "https://registry.npmjs.org/eventemitter2/-/eventemitter2-6.0.0.tgz",
      "integrity": "sha512-ZuNWHD7S7IoikyEmx35vPU8H1W0L+oi644+4mSTg7nwXvBQpIwQL7DPjYUF0VMB0jPkNMo3MqD07E7MYrkFmjQ=="
    }
  }
}
