{
  "name": "zone.js-test",
  "version": "1.0.0",
  "lockfileVersion": 1,
  "requires": true,
  "dependencies": {
    "zone.js": {
      "version": "0.10.2",
      "resolved": "https://registry.npmjs.org/zone.js/-/zone.js-0.10.2.tgz",
      "integrity": "sha512-UAYfiuvxLN4oyuqhJwd21Uxb4CNawrq6fPS/05Su5L4G+1TN+HVDJMUHNMobVQDFJRir2cLAODXwluaOKB7HFg=="
    }
  }
}
