
Microsoft Visual Studio Solution File, Format Version 12.00
# Visual Studio 2012
Project("{262852C6-CD72-467D-83FE-5EEB1973A190}") = "Encyclopedia", "Encyclopedia\Encyclopedia.jsproj", "{CB97C74A-DB4A-42FA-8B3B-FFED5198621B}"
EndProject
Global
	GlobalSection(SolutionConfigurationPlatforms) = preSolution
		Debug|Any CPU = Debug|Any CPU
		Debug|ARM = Debug|ARM
		Debug|x64 = Debug|x64
		Debug|x86 = Debug|x86
		Release|Any CPU = Release|Any CPU
		Release|ARM = Release|ARM
		Release|x64 = Release|x64
		Release|x86 = Release|x86
	EndGlobalSection
	GlobalSection(ProjectConfigurationPlatforms) = postSolution
		{CB97C74A-DB4A-42FA-8B3B-FFED5198621B}.Debug|Any CPU.ActiveCfg = Debug|Any CPU
		{CB97C74A-DB4A-42FA-8B3B-FFED5198621B}.Debug|Any CPU.Build.0 = Debug|Any CPU
		{CB97C74A-DB4A-42FA-8B3B-FFED5198621B}.Debug|Any CPU.Deploy.0 = Debug|Any CPU
		{CB97C74A-DB4A-42FA-8B3B-FFED5198621B}.Debug|ARM.ActiveCfg = Debug|ARM
		{CB97C74A-DB4A-42FA-8B3B-FFED5198621B}.Debug|ARM.Build.0 = Debug|ARM
		{CB97C74A-DB4A-42FA-8B3B-FFED5198621B}.Debug|ARM.Deploy.0 = Debug|ARM
		{CB97C74A-DB4A-42FA-8B3B-FFED5198621B}.Debug|x64.ActiveCfg = Debug|x64
		{CB97C74A-DB4A-42FA-8B3B-FFED5198621B}.Debug|x64.Build.0 = Debug|x64
		{CB97C74A-DB4A-42FA-8B3B-FFED5198621B}.Debug|x64.Deploy.0 = Debug|x64
		{CB97C74A-DB4A-42FA-8B3B-FFED5198621B}.Debug|x86.ActiveCfg = Debug|x86
		{CB97C74A-DB4A-42FA-8B3B-FFED5198621B}.Debug|x86.Build.0 = Debug|x86
		{CB97C74A-DB4A-42FA-8B3B-FFED5198621B}.Debug|x86.Deploy.0 = Debug|x86
		{CB97C74A-DB4A-42FA-8B3B-FFED5198621B}.Release|Any CPU.ActiveCfg = Release|Any CPU
		{CB97C74A-DB4A-42FA-8B3B-FFED5198621B}.Release|Any CPU.Build.0 = Release|Any CPU
		{CB97C74A-DB4A-42FA-8B3B-FFED5198621B}.Release|Any CPU.Deploy.0 = Release|Any CPU
		{CB97C74A-DB4A-42FA-8B3B-FFED5198621B}.Release|ARM.ActiveCfg = Release|ARM
		{CB97C74A-DB4A-42FA-8B3B-FFED5198621B}.Release|ARM.Build.0 = Release|ARM
		{CB97C74A-DB4A-42FA-8B3B-FFED5198621B}.Release|ARM.Deploy.0 = Release|ARM
		{CB97C74A-DB4A-42FA-8B3B-FFED5198621B}.Release|x64.ActiveCfg = Release|x64
		{CB97C74A-DB4A-42FA-8B3B-FFED5198621B}.Release|x64.Build.0 = Release|x64
		{CB97C74A-DB4A-42FA-8B3B-FFED5198621B}.Release|x64.Deploy.0 = Release|x64
		{CB97C74A-DB4A-42FA-8B3B-FFED5198621B}.Release|x86.ActiveCfg = Release|x86
		{CB97C74A-DB4A-42FA-8B3B-FFED5198621B}.Release|x86.Build.0 = Release|x86
		{CB97C74A-DB4A-42FA-8B3B-FFED5198621B}.Release|x86.Deploy.0 = Release|x86
	EndGlobalSection
	GlobalSection(SolutionProperties) = preSolution
		HideSolutionNode = FALSE
	EndGlobalSection
EndGlobal
