{
  "name": "sift-test",
  "version": "1.0.0",
  "lockfileVersion": 1,
  "requires": true,
  "dependencies": {
    "sift": {
      "version": "11.1.6",
      "resolved": "https://registry.npmjs.org/sift/-/sift-11.1.6.tgz",
      "integrity": "sha512-viM8fruVAM1DREqVtxeWzkNi5RkG+oBZuIATV4Fc9FQTC7mMh0hzhTUervfg5IuuhVtMdotfJXhZ9oJgQ4kyBw=="
    }
  }
}
