{
  "name": "firebase-test",
  "version": "1.0.0",
  "lockfileVersion": 1,
  "requires": true,
  "dependencies": {
    "@firebase/analytics": {
      "version": "0.2.13",
      "resolved": "https://registry.npmjs.org/@firebase/analytics/-/analytics-0.2.13.tgz",
      "integrity": "sha512-FAvpVS3dmfeCcYdxl7msz3Fr9OOLp/EYfDAx4T1yKi3dfTOXALH6pJK1hNjWjmGMq0qAWPmOFfAdpzd13Q0Uag==",
      "requires": {
        "@firebase/analytics-types": "0.2.6",
        "@firebase/component": "0.1.5",
        "@firebase/installations": "0.4.2",
        "@firebase/util": "0.2.40",
        "tslib": "1.10.0"
      }
    },
    "@firebase/analytics-types": {
      "version": "0.2.6",
      "resolved": "https://registry.npmjs.org/@firebase/analytics-types/-/analytics-types-0.2.6.tgz",
      "integrity": "sha512-G4wGsWCxVibT4vHHTzFXi0uXk91upPUMYQyKnVEq4E9Qr491+EyyT3xH/6k+Hxj4/bGeK0lhJ4czMd1R5cOWwg=="
    },
    "@firebase/app": {
      "version": "0.5.4",
      "resolved": "https://registry.npmjs.org/@firebase/app/-/app-0.5.4.tgz",
      "integrity": "sha512-a+Z13FB/Om3JAv6wTUUW/X8ikRmK66fvbLCGPUKoUtqKow1zxeUelznyKNhF4/WA2wxpo3w5OXzp0G9U09Lecw==",
      "requires": {
        "@firebase/app-types": "0.5.1",
        "@firebase/component": "0.1.5",
        "@firebase/logger": "0.1.35",
        "@firebase/util": "0.2.40",
        "dom-storage": "2.1.0",
        "tslib": "1.10.0",
        "xmlhttprequest": "1.8.0"
      }
    },
    "@firebase/app-types": {
      "version": "0.5.1",
      "resolved": "https://registry.npmjs.org/@firebase/app-types/-/app-types-0.5.1.tgz",
      "integrity": "sha512-fhe4KxEoRLD596tuIkvBXVHedVByI5ALzf5nMraOXsnBxLY0gKcMSXQGwwPxZyeUt/S1VM8DRVXOg9shegEO7g=="
    },
    "@firebase/auth": {
      "version": "0.13.5",
      "resolved": "https://registry.npmjs.org/@firebase/auth/-/auth-0.13.5.tgz",
      "integrity": "sha512-0s/ULeqstzQ/Xi0ZgJnasYXH4WtTRaa9LztPv9gXHjwmOt/GtFnRUeW0RqDCmF4A2uikanMFm5+wtm80BkfpTg==",
      "requires": {
        "@firebase/auth-types": "0.9.5"
      }
    },
    "@firebase/auth-interop-types": {
      "version": "0.1.2",
      "resolved": "https://registry.npmjs.org/@firebase/auth-interop-types/-/auth-interop-types-0.1.2.tgz",
      "integrity": "sha512-FW4wNZbGSBpA8SgJy8EFdx0lPGm8a25zojI48kbV+QNn4EizJ1jbLPGtmBeEJJPFI4Ij+9EuCbsV1iwelZzDaA=="
    },
    "@firebase/auth-types": {
      "version": "0.9.5",
      "resolved": "https://registry.npmjs.org/@firebase/auth-types/-/auth-types-0.9.5.tgz",
      "integrity": "sha512-nXruvfY/S3q2PhKR/vMfWGkn/zZY0JTT07R/aEdClYRDV7AZDhmgCi3m5HZmj+bMPz7PeZT/w1tUuNLjUqJV2A=="
    },
    "@firebase/component": {
      "version": "0.1.5",
      "resolved": "https://registry.npmjs.org/@firebase/component/-/component-0.1.5.tgz",
      "integrity": "sha512-oxRmOEIW3YbJVchLZKXiP4nJlKDCNLCQRdFdcO23IfJnaWePZofh4v5nT3XSJ6ouWlGIpENLZgoXjv2QrGFXfg==",
      "requires": {
        "@firebase/util": "0.2.40",
        "tslib": "1.10.0"
      }
    },
    "@firebase/database": {
      "version": "0.5.21",
      "resolved": "https://registry.npmjs.org/@firebase/database/-/database-0.5.21.tgz",
      "integrity": "sha512-NlndeAr88Rfi6LbeHF0/YaTkapns6K6bLGVu2w22oivHjZxLfR4aoyN2172yzhPpwEPN7iYhkkz/ZQi11CzL4g==",
      "requires": {
        "@firebase/auth-interop-types": "0.1.2",
        "@firebase/component": "0.1.5",
        "@firebase/database-types": "0.4.11",
        "@firebase/logger": "0.1.35",
        "@firebase/util": "0.2.40",
        "faye-websocket": "0.11.3",
        "tslib": "1.10.0"
      }
    },
    "@firebase/database-types": {
      "version": "0.4.11",
      "resolved": "https://registry.npmjs.org/@firebase/database-types/-/database-types-0.4.11.tgz",
      "integrity": "sha512-+SiBjnufVhRSJg078feQWH7yHQncRjX+23NUgvBCRFXNBwUVvmPenNXYhCpF8XbhSOrC7BvfcRZTGqeI7+ZUdg==",
      "requires": {
        "@firebase/app-types": "0.5.1"
      }
    },
    "@firebase/firestore": {
      "version": "1.11.0",
      "resolved": "https://registry.npmjs.org/@firebase/firestore/-/firestore-1.11.0.tgz",
      "integrity": "sha512-BMCdngDbYjrjKMLtszp34O8Hiw+zumsn4KhwSXpiLcHqKb2l7LN5XCdlKrLz4m3SXcit6vENfVWngVhwaMNalw==",
      "requires": {
        "@firebase/component": "0.1.5",
        "@firebase/firestore-types": "1.9.1",
        "@firebase/logger": "0.1.35",
        "@firebase/util": "0.2.40",
        "@firebase/webchannel-wrapper": "0.2.35",
        "@grpc/proto-loader": "0.5.3",
        "grpc": "1.24.2",
        "tslib": "1.10.0"
      }
    },
    "@firebase/firestore-types": {
      "version": "1.9.1",
      "resolved": "https://registry.npmjs.org/@firebase/firestore-types/-/firestore-types-1.9.1.tgz",
      "integrity": "sha512-w3pT+RMQOORS8Tvf6wCaW8sq8hklPS4FkWSGCyo/gIbATP7pG8rvQDihN1x6D3if1jILWiZ/uPyl0eazm+MGzw=="
    },
    "@firebase/functions": {
      "version": "0.4.33",
      "resolved": "https://registry.npmjs.org/@firebase/functions/-/functions-0.4.33.tgz",
      "integrity": "sha512-AI0NKxBnqClR5Afm7LIJyEMB1KL7JpAdfPutCrHXsNsPRxI589wNdMjqS2xcVpdEzfT3Y0iocFs93XcCmu5pNg==",
      "requires": {
        "@firebase/component": "0.1.5",
        "@firebase/functions-types": "0.3.14",
        "@firebase/messaging-types": "0.4.2",
        "isomorphic-fetch": "2.2.1",
        "tslib": "1.10.0"
      }
    },
    "@firebase/functions-types": {
      "version": "0.3.14",
      "resolved": "https://registry.npmjs.org/@firebase/functions-types/-/functions-types-0.3.14.tgz",
      "integrity": "sha512-G7wq6fahQuXbiSf/PbffWnWXNaYKsT9ECvps/2hTKXevZfeWEhDju40c/XFIDI2dcSnTfOYiKoRP8Mp7hi7/CQ=="
    },
    "@firebase/installations": {
      "version": "0.4.2",
      "resolved": "https://registry.npmjs.org/@firebase/installations/-/installations-0.4.2.tgz",
      "integrity": "sha512-g8GDRRikxY7U1rUe9xdAKShCz2/S5CdlYOnYP4Qm+kaJDbfQvAZRRRhpo4sIg7cpoxZ5dSVbl64YyEZzVS7XtA==",
      "requires": {
        "@firebase/component": "0.1.5",
        "@firebase/installations-types": "0.3.1",
        "@firebase/util": "0.2.40",
        "idb": "3.0.2",
        "tslib": "1.10.0"
      }
    },
    "@firebase/installations-types": {
      "version": "0.3.1",
      "resolved": "https://registry.npmjs.org/@firebase/installations-types/-/installations-types-0.3.1.tgz",
      "integrity": "sha512-VU2Ssgy+rZx1LLra3e3CtYQ6cyZHMsg8zO6HVK3sf83qEOWMmWFPxLgjmyrCx+YDSY4A0TwmwFi2I7Mh98WY7w=="
    },
    "@firebase/logger": {
      "version": "0.1.35",
      "resolved": "https://registry.npmjs.org/@firebase/logger/-/logger-0.1.35.tgz",
      "integrity": "sha512-T7I/0+IQrlPAm/uUw6xeyJH5Msi8P6in/0LUtz2XQn2+LVBqyatlr+Nod9AldDCZehwLySEAFhXlqhb3BrI5GA=="
    },
    "@firebase/messaging": {
      "version": "0.6.5",
      "resolved": "https://registry.npmjs.org/@firebase/messaging/-/messaging-0.6.5.tgz",
      "integrity": "sha512-vlhO9h/0RfCOop3RFUdcqY5i+HiAnz/bJeQEN61WTqKzwHZWo16JhKVOhYmTnYfIEnbLSffbam74tQCKig+8sw==",
      "requires": {
        "@firebase/component": "0.1.5",
        "@firebase/installations": "0.4.2",
        "@firebase/messaging-types": "0.4.2",
        "@firebase/util": "0.2.40",
        "idb": "3.0.2",
        "tslib": "1.10.0"
      }
    },
    "@firebase/messaging-types": {
      "version": "0.4.2",
      "resolved": "https://registry.npmjs.org/@firebase/messaging-types/-/messaging-types-0.4.2.tgz",
      "integrity": "sha512-Yb6pJ31tyDWP+4/8uXUO4cNP4oBdfauNuPT0SVqQ92SKlp4n2lHtH68IHa1outxJj6CFzFgj/Z2YZMviUWCM0Q=="
    },
    "@firebase/performance": {
      "version": "0.2.32",
      "resolved": "https://registry.npmjs.org/@firebase/performance/-/performance-0.2.32.tgz",
      "integrity": "sha512-e18mVGU7Er13nG1IT/BrONxvoKhd2MK7IUWMvxGv1NDQ0gs/AiK1qKzCRI1oBtyna5b/I+pYI8UvaffWRQXKBw==",
      "requires": {
        "@firebase/component": "0.1.5",
        "@firebase/installations": "0.4.2",
        "@firebase/logger": "0.1.35",
        "@firebase/performance-types": "0.0.9",
        "@firebase/util": "0.2.40",
        "tslib": "1.10.0"
      }
    },
    "@firebase/performance-types": {
      "version": "0.0.9",
      "resolved": "https://registry.npmjs.org/@firebase/performance-types/-/performance-types-0.0.9.tgz",
      "integrity": "sha512-kOVFW2OY5qObjSrq3OczLuEIKGtnVw/R7qw/wTtgPbyQUhMp7o2tnfTcMWlKSEifgcJDEY3kMTda3fjAuXgzSw=="
    },
    "@firebase/polyfill": {
      "version": "0.3.31",
      "resolved": "https://registry.npmjs.org/@firebase/polyfill/-/polyfill-0.3.31.tgz",
      "integrity": "sha512-7XItMz50tdba57tCOTCSH8REvHYbrTU7MBOksnNZ3td/J9W/RkCPcLVSSnFWNmn0Jv1aufpUevryX1J4DZ/oiw==",
      "requires": {
        "core-js": "3.6.2",
        "promise-polyfill": "8.1.3",
        "whatwg-fetch": "2.0.4"
      },
      "dependencies": {
        "whatwg-fetch": {
          "version": "2.0.4",
          "resolved": "https://registry.npmjs.org/whatwg-fetch/-/whatwg-fetch-2.0.4.tgz",
          "integrity": "sha512-dcQ1GWpOD/eEQ97k66aiEVpNnapVj90/+R+SXTPYGHpYBBypfKJEQjLrvMZ7YXbKm21gXd4NcuxUTjiv1YtLng=="
        }
      }
    },
    "@firebase/remote-config": {
      "version": "0.1.13",
      "resolved": "https://registry.npmjs.org/@firebase/remote-config/-/remote-config-0.1.13.tgz",
      "integrity": "sha512-VpqUZ5NRbWtoWkKsro2cqGRQh5eqTD6Fw/qETUmYk2jp1vdkyIzn8Mb4yAdejwC6W/fuib3R2XzIjHeHtAJNRA==",
      "requires": {
        "@firebase/component": "0.1.5",
        "@firebase/installations": "0.4.2",
        "@firebase/logger": "0.1.35",
        "@firebase/remote-config-types": "0.1.6",
        "@firebase/util": "0.2.40",
        "tslib": "1.10.0"
      }
    },
    "@firebase/remote-config-types": {
      "version": "0.1.6",
      "resolved": "https://registry.npmjs.org/@firebase/remote-config-types/-/remote-config-types-0.1.6.tgz",
      "integrity": "sha512-t8Q3GOq7mGqy8SwgnMHQZYqADEc4fj3rdA8U+ZFPWEISMrGQQfaCm/5QaS7HFmSoKaJx+/tSBBKVjVqvSoOH6Q=="
    },
    "@firebase/storage": {
      "version": "0.3.26",
      "resolved": "https://registry.npmjs.org/@firebase/storage/-/storage-0.3.26.tgz",
      "integrity": "sha512-oSzQsDVUL5YuL7+7bkoA111rID0y1OZpAWKZlKtLktTqWN8GUloQIqArdwg1POt0wV+B1hfBytJuYZlI17hGgg==",
      "requires": {
        "@firebase/component": "0.1.5",
        "@firebase/storage-types": "0.3.9",
        "@firebase/util": "0.2.40",
        "tslib": "1.10.0"
      }
    },
    "@firebase/storage-types": {
      "version": "0.3.9",
      "resolved": "https://registry.npmjs.org/@firebase/storage-types/-/storage-types-0.3.9.tgz",
      "integrity": "sha512-az7GZ9zpLAh8vvbOKGwsRy/pB7bI654PzGPvAdK4E35NDBjLMTVBn8yqeDZd/5OjY3dgYit0twIDo1ljx1O6QA=="
    },
    "@firebase/util": {
      "version": "0.2.40",
      "resolved": "https://registry.npmjs.org/@firebase/util/-/util-0.2.40.tgz",
      "integrity": "sha512-ViuceN8F6eeN/8QaA7FbOX7KlypQAFrXHBnTEicxwED4n1SdgGFapaS/ggScq1MMwq0RjGinNbigtc1Rqy8yVA==",
      "requires": {
        "tslib": "1.10.0"
      }
    },
    "@firebase/webchannel-wrapper": {
      "version": "0.2.35",
      "resolved": "https://registry.npmjs.org/@firebase/webchannel-wrapper/-/webchannel-wrapper-0.2.35.tgz",
      "integrity": "sha512-7njiGBbFW0HCnuKNEJLcQt9EjfOzG8EJiXlFJwA3XfgiFxPVHmXrcF4d5yold2wfiwCwrXpeNTGZ854oRr6Hcw=="
    },
    "@grpc/proto-loader": {
      "version": "0.5.3",
      "resolved": "https://registry.npmjs.org/@grpc/proto-loader/-/proto-loader-0.5.3.tgz",
      "integrity": "sha512-8qvUtGg77G2ZT2HqdqYoM/OY97gQd/0crSG34xNmZ4ZOsv3aQT/FQV9QfZPazTGna6MIoyUd+u6AxsoZjJ/VMQ==",
      "requires": {
        "lodash.camelcase": "4.3.0",
        "protobufjs": "6.8.8"
      }
    },
    "@protobufjs/aspromise": {
      "version": "1.1.2",
      "resolved": "https://registry.npmjs.org/@protobufjs/aspromise/-/aspromise-1.1.2.tgz",
      "integrity": "sha1-m4sMxmPWaafY9vXQiToU00jzD78="
    },
    "@protobufjs/base64": {
      "version": "1.1.2",
      "resolved": "https://registry.npmjs.org/@protobufjs/base64/-/base64-1.1.2.tgz",
      "integrity": "sha512-AZkcAA5vnN/v4PDqKyMR5lx7hZttPDgClv83E//FMNhR2TMcLUhfRUBHCmSl0oi9zMgDDqRUJkSxO3wm85+XLg=="
    },
    "@protobufjs/codegen": {
      "version": "2.0.4",
      "resolved": "https://registry.npmjs.org/@protobufjs/codegen/-/codegen-2.0.4.tgz",
      "integrity": "sha512-YyFaikqM5sH0ziFZCN3xDC7zeGaB/d0IUb9CATugHWbd1FRFwWwt4ld4OYMPWu5a3Xe01mGAULCdqhMlPl29Jg=="
    },
    "@protobufjs/eventemitter": {
      "version": "1.1.0",
      "resolved": "https://registry.npmjs.org/@protobufjs/eventemitter/-/eventemitter-1.1.0.tgz",
      "integrity": "sha1-NVy8mLr61ZePntCV85diHx0Ga3A="
    },
    "@protobufjs/fetch": {
      "version": "1.1.0",
      "resolved": "https://registry.npmjs.org/@protobufjs/fetch/-/fetch-1.1.0.tgz",
      "integrity": "sha1-upn7WYYUr2VwDBYZ/wbUVLDYTEU=",
      "requires": {
        "@protobufjs/aspromise": "1.1.2",
        "@protobufjs/inquire": "1.1.0"
      }
    },
    "@protobufjs/float": {
      "version": "1.0.2",
      "resolved": "https://registry.npmjs.org/@protobufjs/float/-/float-1.0.2.tgz",
      "integrity": "sha1-Xp4avctz/Ap8uLKR33jIy9l7h9E="
    },
    "@protobufjs/inquire": {
      "version": "1.1.0",
      "resolved": "https://registry.npmjs.org/@protobufjs/inquire/-/inquire-1.1.0.tgz",
      "integrity": "sha1-/yAOPnzyQp4tyvwRQIKOjMY48Ik="
    },
    "@protobufjs/path": {
      "version": "1.1.2",
      "resolved": "https://registry.npmjs.org/@protobufjs/path/-/path-1.1.2.tgz",
      "integrity": "sha1-bMKyDFya1q0NzP0hynZz2Nf79o0="
    },
    "@protobufjs/pool": {
      "version": "1.1.0",
      "resolved": "https://registry.npmjs.org/@protobufjs/pool/-/pool-1.1.0.tgz",
      "integrity": "sha1-Cf0V8tbTq/qbZbw2ZQbWrXhG/1Q="
    },
    "@protobufjs/utf8": {
      "version": "1.1.0",
      "resolved": "https://registry.npmjs.org/@protobufjs/utf8/-/utf8-1.1.0.tgz",
      "integrity": "sha1-p3c2C1s5oaLlEG+OhY8v0tBgxXA="
    },
    "@types/bytebuffer": {
      "version": "5.0.40",
      "resolved": "https://registry.npmjs.org/@types/bytebuffer/-/bytebuffer-5.0.40.tgz",
      "integrity": "sha512-h48dyzZrPMz25K6Q4+NCwWaxwXany2FhQg/ErOcdZS1ZpsaDnDMZg8JYLMTGz7uvXKrcKGJUZJlZObyfgdaN9g==",
      "requires": {
        "@types/long": "4.0.1",
        "@types/node": "10.17.16"
      }
    },
    "@types/long": {
      "version": "4.0.1",
      "resolved": "https://registry.npmjs.org/@types/long/-/long-4.0.1.tgz",
      "integrity": "sha512-5tXH6Bx/kNGd3MgffdmP4dy2Z+G4eaXw0SE81Tq3BNadtnMR5/ySMzX4SLEzHJzSmPNn4HIdpQsBvXMUykr58w=="
    },
    "@types/node": {
      "version": "10.17.16",
      "resolved": "https://registry.npmjs.org/@types/node/-/node-10.17.16.tgz",
      "integrity": "sha512-A4283YSA1OmnIivcpy/4nN86YlnKRiQp8PYwI2KdPCONEBN093QTb0gCtERtkLyVNGKKIGazTZ2nAmVzQU51zA=="
    },
    "ansi-regex": {
      "version": "2.1.1",
      "resolved": "https://registry.npmjs.org/ansi-regex/-/ansi-regex-2.1.1.tgz",
      "integrity": "sha1-w7M6te42DYbg5ijwRorn7yfWVN8="
    },
    "ascli": {
      "version": "1.0.1",
      "resolved": "https://registry.npmjs.org/ascli/-/ascli-1.0.1.tgz",
      "integrity": "sha1-vPpZdKYvGOgcq660lzKrSoj5Brw=",
      "requires": {
        "colour": "0.7.1",
        "optjs": "3.2.2"
      }
    },
    "bytebuffer": {
      "version": "5.0.1",
      "resolved": "https://registry.npmjs.org/bytebuffer/-/bytebuffer-5.0.1.tgz",
      "integrity": "sha1-WC7qSxqHO20CCkjVjfhfC7ps/d0=",
      "requires": {
        "long": "3.2.0"
      },
      "dependencies": {
        "long": {
          "version": "3.2.0",
          "resolved": "https://registry.npmjs.org/long/-/long-3.2.0.tgz",
          "integrity": "sha1-2CG3E4yhy1gcFymQ7xTbIAtcR0s="
        }
      }
    },
    "camelcase": {
      "version": "2.1.1",
      "resolved": "https://registry.npmjs.org/camelcase/-/camelcase-2.1.1.tgz",
      "integrity": "sha1-fB0W1nmhu+WcoCys7PsBHiAfWh8="
    },
    "cliui": {
      "version": "3.2.0",
      "resolved": "https://registry.npmjs.org/cliui/-/cliui-3.2.0.tgz",
      "integrity": "sha1-EgYBU3qRbSmUD5NNo7SNWFo5IT0=",
      "requires": {
        "string-width": "1.0.2",
        "strip-ansi": "3.0.1",
        "wrap-ansi": "2.1.0"
      }
    },
    "code-point-at": {
      "version": "1.1.0",
      "resolved": "https://registry.npmjs.org/code-point-at/-/code-point-at-1.1.0.tgz",
      "integrity": "sha1-DQcLTQQ6W+ozovGkDi7bPZpMz3c="
    },
    "colour": {
      "version": "0.7.1",
      "resolved": "https://registry.npmjs.org/colour/-/colour-0.7.1.tgz",
      "integrity": "sha1-nLFpkX7F0SwHNtPoaFdG3xyt93g="
    },
    "core-js": {
      "version": "3.6.2",
      "resolved": "https://registry.npmjs.org/core-js/-/core-js-3.6.2.tgz",
      "integrity": "sha512-hIE5dXkRzRvnZ5vhkRfQxUvDxQZmD9oueA08jDYRBKJHx+VIl/Pne/e0A4x9LObEEthC/TqiZybUoNM4tRgnKg=="
    },
    "decamelize": {
      "version": "1.2.0",
      "resolved": "https://registry.npmjs.org/decamelize/-/decamelize-1.2.0.tgz",
      "integrity": "sha1-9lNNFRSCabIDUue+4m9QH5oZEpA="
    },
    "dom-storage": {
      "version": "2.1.0",
      "resolved": "https://registry.npmjs.org/dom-storage/-/dom-storage-2.1.0.tgz",
      "integrity": "sha512-g6RpyWXzl0RR6OTElHKBl7nwnK87GUyZMYC7JWsB/IA73vpqK2K6LT39x4VepLxlSsWBFrPVLnsSR5Jyty0+2Q=="
    },
    "encoding": {
      "version": "0.1.12",
      "resolved": "https://registry.npmjs.org/encoding/-/encoding-0.1.12.tgz",
      "integrity": "sha1-U4tm8+5izRq1HsMjgp0flIDHS+s=",
      "requires": {
        "iconv-lite": "0.4.24"
      }
    },
    "faye-websocket": {
      "version": "0.11.3",
      "resolved": "https://registry.npmjs.org/faye-websocket/-/faye-websocket-0.11.3.tgz",
      "integrity": "sha512-D2y4bovYpzziGgbHYtGCMjlJM36vAl/y+xUyn1C+FVx8szd1E+86KwVw6XvYSzOP8iMpm1X0I4xJD+QtUb36OA==",
      "requires": {
        "websocket-driver": "0.7.3"
      }
    },
    "firebase": {
      "version": "7.9.0",
      "resolved": "https://registry.npmjs.org/firebase/-/firebase-7.9.0.tgz",
      "integrity": "sha512-BQM8q/qoMDqvLAoPopX1QNNai5fNbHOgLsf2TAfco67Cl2WgKwRWHtvAh4JLEfwQAUizoPVb3Hy61kf3gFZj0g==",
      "requires": {
        "@firebase/analytics": "0.2.13",
        "@firebase/app": "0.5.4",
        "@firebase/app-types": "0.5.1",
        "@firebase/auth": "0.13.5",
        "@firebase/database": "0.5.21",
        "@firebase/firestore": "1.11.0",
        "@firebase/functions": "0.4.33",
        "@firebase/installations": "0.4.2",
        "@firebase/messaging": "0.6.5",
        "@firebase/performance": "0.2.32",
        "@firebase/polyfill": "0.3.31",
        "@firebase/remote-config": "0.1.13",
        "@firebase/storage": "0.3.26",
        "@firebase/util": "0.2.40"
      }
    },
    "grpc": {
      "version": "1.24.2",
      "resolved": "https://registry.npmjs.org/grpc/-/grpc-1.24.2.tgz",
      "integrity": "sha512-EG3WH6AWMVvAiV15d+lr+K77HJ/KV/3FvMpjKjulXHbTwgDZkhkcWbwhxFAoTdxTkQvy0WFcO3Nog50QBbHZWw==",
      "requires": {
        "@types/bytebuffer": "5.0.40",
        "lodash.camelcase": "4.3.0",
        "lodash.clone": "4.5.0",
        "nan": "2.14.0",
        "node-pre-gyp": "0.14.0",
        "protobufjs": "5.0.3"
      },
      "dependencies": {
        "abbrev": {
          "version": "1.1.1",
          "bundled": true
        },
        "ansi-regex": {
          "version": "2.1.1",
          "bundled": true
        },
        "aproba": {
          "version": "1.2.0",
          "bundled": true
        },
        "are-we-there-yet": {
          "version": "1.1.5",
          "bundled": true,
          "requires": {
            "delegates": "1.0.0",
            "readable-stream": "2.3.6"
          }
        },
        "balanced-match": {
          "version": "1.0.0",
          "bundled": true
        },
        "brace-expansion": {
          "version": "1.1.11",
          "bundled": true,
          "requires": {
            "balanced-match": "1.0.0",
            "concat-map": "0.0.1"
          }
        },
        "chownr": {
          "version": "1.1.3",
          "bundled": true
        },
        "code-point-at": {
          "version": "1.1.0",
          "bundled": true
        },
        "concat-map": {
          "version": "0.0.1",
          "bundled": true
        },
        "console-control-strings": {
          "version": "1.1.0",
          "bundled": true
        },
        "core-util-is": {
          "version": "1.0.2",
          "bundled": true
        },
        "debug": {
          "version": "3.2.6",
          "bundled": true,
          "requires": {
            "ms": "2.1.2"
          }
        },
        "deep-extend": {
          "version": "0.6.0",
          "bundled": true
        },
        "delegates": {
          "version": "1.0.0",
          "bundled": true
        },
        "detect-libc": {
          "version": "1.0.3",
          "bundled": true
        },
        "fs-minipass": {
          "version": "1.2.7",
          "bundled": true,
          "requires": {
            "minipass": "2.9.0"
          }
        },
        "fs.realpath": {
          "version": "1.0.0",
          "bundled": true
        },
        "gauge": {
          "version": "2.7.4",
          "bundled": true,
          "requires": {
            "aproba": "1.2.0",
            "console-control-strings": "1.1.0",
            "has-unicode": "2.0.1",
            "object-assign": "4.1.1",
            "signal-exit": "3.0.2",
            "string-width": "1.0.2",
            "strip-ansi": "3.0.1",
            "wide-align": "1.1.3"
          }
        },
        "glob": {
          "version": "7.1.4",
          "bundled": true,
          "requires": {
            "fs.realpath": "1.0.0",
            "inflight": "1.0.6",
            "inherits": "2.0.4",
            "minimatch": "3.0.4",
            "once": "1.4.0",
            "path-is-absolute": "1.0.1"
          }
        },
        "has-unicode": {
          "version": "2.0.1",
          "bundled": true
        },
        "iconv-lite": {
          "version": "0.4.24",
          "bundled": true,
          "requires": {
            "safer-buffer": "2.1.2"
          }
        },
        "ignore-walk": {
          "version": "3.0.3",
          "bundled": true,
          "requires": {
            "minimatch": "3.0.4"
          }
        },
        "inflight": {
          "version": "1.0.6",
          "bundled": true,
          "requires": {
            "once": "1.4.0",
            "wrappy": "1.0.2"
          }
        },
        "inherits": {
          "version": "2.0.4",
          "bundled": true
        },
        "ini": {
          "version": "1.3.5",
          "bundled": true
        },
        "is-fullwidth-code-point": {
          "version": "1.0.0",
          "bundled": true,
          "requires": {
            "number-is-nan": "1.0.1"
          }
        },
        "isarray": {
          "version": "1.0.0",
          "bundled": true
        },
        "minimatch": {
          "version": "3.0.4",
          "bundled": true,
          "requires": {
            "brace-expansion": "1.1.11"
          }
        },
        "minimist": {
          "version": "1.2.0",
          "bundled": true
        },
        "minipass": {
          "version": "2.9.0",
          "bundled": true,
          "requires": {
            "safe-buffer": "5.1.2",
            "yallist": "3.1.1"
          }
        },
        "minizlib": {
          "version": "1.3.3",
          "bundled": true,
          "requires": {
            "minipass": "2.9.0"
          }
        },
        "mkdirp": {
          "version": "0.5.1",
          "bundled": true,
          "requires": {
            "minimist": "0.0.8"
          },
          "dependencies": {
            "minimist": {
              "version": "0.0.8",
              "bundled": true
            }
          }
        },
        "ms": {
          "version": "2.1.2",
          "bundled": true
        },
        "needle": {
          "version": "2.4.0",
          "bundled": true,
          "requires": {
            "debug": "3.2.6",
            "iconv-lite": "0.4.24",
            "sax": "1.2.4"
          }
        },
        "node-pre-gyp": {
          "version": "0.14.0",
          "bundled": true,
          "requires": {
            "detect-libc": "1.0.3",
            "mkdirp": "0.5.1",
            "needle": "2.4.0",
            "nopt": "4.0.1",
            "npm-packlist": "1.4.6",
            "npmlog": "4.1.2",
            "rc": "1.2.8",
            "rimraf": "2.7.1",
            "semver": "5.7.1",
            "tar": "4.4.13"
          }
        },
        "nopt": {
          "version": "4.0.1",
          "bundled": true,
          "requires": {
            "abbrev": "1.1.1",
            "osenv": "0.1.5"
          }
        },
        "npm-bundled": {
          "version": "1.0.6",
          "bundled": true
        },
        "npm-packlist": {
          "version": "1.4.6",
          "bundled": true,
          "requires": {
            "ignore-walk": "3.0.3",
            "npm-bundled": "1.0.6"
          }
        },
        "npmlog": {
          "version": "4.1.2",
          "bundled": true,
          "requires": {
            "are-we-there-yet": "1.1.5",
            "console-control-strings": "1.1.0",
            "gauge": "2.7.4",
            "set-blocking": "2.0.0"
          }
        },
        "number-is-nan": {
          "version": "1.0.1",
          "bundled": true
        },
        "object-assign": {
          "version": "4.1.1",
          "bundled": true
        },
        "once": {
          "version": "1.4.0",
          "bundled": true,
          "requires": {
            "wrappy": "1.0.2"
          }
        },
        "os-homedir": {
          "version": "1.0.2",
          "bundled": true
        },
        "os-tmpdir": {
          "version": "1.0.2",
          "bundled": true
        },
        "osenv": {
          "version": "0.1.5",
          "bundled": true,
          "requires": {
            "os-homedir": "1.0.2",
            "os-tmpdir": "1.0.2"
          }
        },
        "path-is-absolute": {
          "version": "1.0.1",
          "bundled": true
        },
        "process-nextick-args": {
          "version": "2.0.1",
          "bundled": true
        },
        "protobufjs": {
          "version": "5.0.3",
          "resolved": "https://registry.npmjs.org/protobufjs/-/protobufjs-5.0.3.tgz",
          "integrity": "sha512-55Kcx1MhPZX0zTbVosMQEO5R6/rikNXd9b6RQK4KSPcrSIIwoXTtebIczUrXlwaSrbz4x8XUVThGPob1n8I4QA==",
          "requires": {
            "ascli": "1.0.1",
            "bytebuffer": "5.0.1",
            "glob": "7.1.4",
            "yargs": "3.32.0"
          }
        },
        "rc": {
          "version": "1.2.8",
          "bundled": true,
          "requires": {
            "deep-extend": "0.6.0",
            "ini": "1.3.5",
            "minimist": "1.2.0",
            "strip-json-comments": "2.0.1"
          }
        },
        "readable-stream": {
          "version": "2.3.6",
          "bundled": true,
          "requires": {
            "core-util-is": "1.0.2",
            "inherits": "2.0.4",
            "isarray": "1.0.0",
            "process-nextick-args": "2.0.1",
            "safe-buffer": "5.1.2",
            "string_decoder": "1.1.1",
            "util-deprecate": "1.0.2"
          }
        },
        "rimraf": {
          "version": "2.7.1",
          "bundled": true,
          "requires": {
            "glob": "7.1.4"
          }
        },
        "safe-buffer": {
          "version": "5.1.2",
          "bundled": true
        },
        "safer-buffer": {
          "version": "2.1.2",
          "bundled": true
        },
        "sax": {
          "version": "1.2.4",
          "bundled": true
        },
        "semver": {
          "version": "5.7.1",
          "bundled": true
        },
        "set-blocking": {
          "version": "2.0.0",
          "bundled": true
        },
        "signal-exit": {
          "version": "3.0.2",
          "bundled": true
        },
        "string-width": {
          "version": "1.0.2",
          "bundled": true,
          "requires": {
            "code-point-at": "1.1.0",
            "is-fullwidth-code-point": "1.0.0",
            "strip-ansi": "3.0.1"
          }
        },
        "string_decoder": {
          "version": "1.1.1",
          "bundled": true,
          "requires": {
            "safe-buffer": "5.1.2"
          }
        },
        "strip-ansi": {
          "version": "3.0.1",
          "bundled": true,
          "requires": {
            "ansi-regex": "2.1.1"
          }
        },
        "strip-json-comments": {
          "version": "2.0.1",
          "bundled": true
        },
        "tar": {
          "version": "4.4.13",
          "bundled": true,
          "requires": {
            "chownr": "1.1.3",
            "fs-minipass": "1.2.7",
            "minipass": "2.9.0",
            "minizlib": "1.3.3",
            "mkdirp": "0.5.1",
            "safe-buffer": "5.1.2",
            "yallist": "3.1.1"
          }
        },
        "util-deprecate": {
          "version": "1.0.2",
          "bundled": true
        },
        "wide-align": {
          "version": "1.1.3",
          "bundled": true,
          "requires": {
            "string-width": "1.0.2"
          }
        },
        "wrappy": {
          "version": "1.0.2",
          "bundled": true
        },
        "yallist": {
          "version": "3.1.1",
          "bundled": true
        }
      }
    },
    "http-parser-js": {
      "version": "0.4.10",
      "resolved": "https://registry.npmjs.org/http-parser-js/-/http-parser-js-0.4.10.tgz",
      "integrity": "sha1-ksnBN0w1CF912zWexWzCV8u5P6Q="
    },
    "iconv-lite": {
      "version": "0.4.24",
      "resolved": "https://registry.npmjs.org/iconv-lite/-/iconv-lite-0.4.24.tgz",
      "integrity": "sha512-v3MXnZAcvnywkTUEZomIActle7RXXeedOR31wwl7VlyoXO4Qi9arvSenNQWne1TcRwhCL1HwLI21bEqdpj8/rA==",
      "requires": {
        "safer-buffer": "2.1.2"
      }
    },
    "idb": {
      "version": "3.0.2",
      "resolved": "https://registry.npmjs.org/idb/-/idb-3.0.2.tgz",
      "integrity": "sha512-+FLa/0sTXqyux0o6C+i2lOR0VoS60LU/jzUo5xjfY6+7sEEgy4Gz1O7yFBXvjd7N0NyIGWIRg8DcQSLEG+VSPw=="
    },
    "invert-kv": {
      "version": "1.0.0",
      "resolved": "https://registry.npmjs.org/invert-kv/-/invert-kv-1.0.0.tgz",
      "integrity": "sha1-EEqOSqym09jNFXqO+L+rLXo//bY="
    },
    "is-fullwidth-code-point": {
      "version": "1.0.0",
      "resolved": "https://registry.npmjs.org/is-fullwidth-code-point/-/is-fullwidth-code-point-1.0.0.tgz",
      "integrity": "sha1-754xOG8DGn8NZDr4L95QxFfvAMs=",
      "requires": {
        "number-is-nan": "1.0.1"
      }
    },
    "is-stream": {
      "version": "1.1.0",
      "resolved": "https://registry.npmjs.org/is-stream/-/is-stream-1.1.0.tgz",
      "integrity": "sha1-EtSj3U5o4Lec6428hBc66A2RykQ="
    },
    "isomorphic-fetch": {
      "version": "2.2.1",
      "resolved": "https://registry.npmjs.org/isomorphic-fetch/-/isomorphic-fetch-2.2.1.tgz",
      "integrity": "sha1-YRrhrPFPXoH3KVB0coGf6XM1WKk=",
      "requires": {
        "node-fetch": "1.7.3",
        "whatwg-fetch": "3.0.0"
      }
    },
    "lcid": {
      "version": "1.0.0",
      "resolved": "https://registry.npmjs.org/lcid/-/lcid-1.0.0.tgz",
      "integrity": "sha1-MIrMr6C8SDo4Z7S28rlQYlHRuDU=",
      "requires": {
        "invert-kv": "1.0.0"
      }
    },
    "lodash.camelcase": {
      "version": "4.3.0",
      "resolved": "https://registry.npmjs.org/lodash.camelcase/-/lodash.camelcase-4.3.0.tgz",
      "integrity": "sha1-soqmKIorn8ZRA1x3EfZathkDMaY="
    },
    "lodash.clone": {
      "version": "4.5.0",
      "resolved": "https://registry.npmjs.org/lodash.clone/-/lodash.clone-4.5.0.tgz",
      "integrity": "sha1-GVhwRQ9aExkkeN9Lw9I9LeoZB7Y="
    },
    "long": {
      "version": "4.0.0",
      "resolved": "https://registry.npmjs.org/long/-/long-4.0.0.tgz",
      "integrity": "sha512-XsP+KhQif4bjX1kbuSiySJFNAehNxgLb6hPRGJ9QsUr8ajHkuXGdrHmFUTUUXhDwVX2R5bY4JNZEwbUiMhV+MA=="
    },
    "nan": {
      "version": "2.14.0",
      "resolved": "https://registry.npmjs.org/nan/-/nan-2.14.0.tgz",
      "integrity": "sha512-INOFj37C7k3AfaNTtX8RhsTw7qRy7eLET14cROi9+5HAVbbHuIWUHEauBv5qT4Av2tWasiTY1Jw6puUNqRJXQg=="
    },
    "node-fetch": {
      "version": "1.7.3",
      "resolved": "https://registry.npmjs.org/node-fetch/-/node-fetch-1.7.3.tgz",
      "integrity": "sha512-NhZ4CsKx7cYm2vSrBAr2PvFOe6sWDf0UYLRqA6svUYg7+/TSfVAu49jYC4BvQ4Sms9SZgdqGBgroqfDhJdTyKQ==",
      "requires": {
        "encoding": "0.1.12",
        "is-stream": "1.1.0"
      }
    },
    "number-is-nan": {
      "version": "1.0.1",
      "resolved": "https://registry.npmjs.org/number-is-nan/-/number-is-nan-1.0.1.tgz",
      "integrity": "sha1-CXtgK1NCKlIsGvuHkDGDNpQaAR0="
    },
    "optjs": {
      "version": "3.2.2",
      "resolved": "https://registry.npmjs.org/optjs/-/optjs-3.2.2.tgz",
      "integrity": "sha1-aabOicRCpEQDFBrS+bNwvVu29O4="
    },
    "os-locale": {
      "version": "1.4.0",
      "resolved": "https://registry.npmjs.org/os-locale/-/os-locale-1.4.0.tgz",
      "integrity": "sha1-IPnxeuKe00XoveWDsT0gCYA8FNk=",
      "requires": {
        "lcid": "1.0.0"
      }
    },
    "promise-polyfill": {
      "version": "8.1.3",
      "resolved": "https://registry.npmjs.org/promise-polyfill/-/promise-polyfill-8.1.3.tgz",
      "integrity": "sha512-MG5r82wBzh7pSKDRa9y+vllNHz3e3d4CNj1PQE4BQYxLme0gKYYBm9YENq+UkEikyZ0XbiGWxYlVw3Rl9O/U8g=="
    },
    "protobufjs": {
      "version": "6.8.8",
      "resolved": "https://registry.npmjs.org/protobufjs/-/protobufjs-6.8.8.tgz",
      "integrity": "sha512-AAmHtD5pXgZfi7GMpllpO3q1Xw1OYldr+dMUlAnffGTAhqkg72WdmSY71uKBF/JuyiKs8psYbtKrhi0ASCD8qw==",
      "requires": {
        "@protobufjs/aspromise": "1.1.2",
        "@protobufjs/base64": "1.1.2",
        "@protobufjs/codegen": "2.0.4",
        "@protobufjs/eventemitter": "1.1.0",
        "@protobufjs/fetch": "1.1.0",
        "@protobufjs/float": "1.0.2",
        "@protobufjs/inquire": "1.1.0",
        "@protobufjs/path": "1.1.2",
        "@protobufjs/pool": "1.1.0",
        "@protobufjs/utf8": "1.1.0",
        "@types/long": "4.0.1",
        "@types/node": "10.17.16",
        "long": "4.0.0"
      }
    },
    "safe-buffer": {
      "version": "5.2.0",
      "resolved": "https://registry.npmjs.org/safe-buffer/-/safe-buffer-5.2.0.tgz",
      "integrity": "sha512-fZEwUGbVl7kouZs1jCdMLdt95hdIv0ZeHg6L7qPeciMZhZ+/gdesW4wgTARkrFWEpspjEATAzUGPG8N2jJiwbg=="
    },
    "safer-buffer": {
      "version": "2.1.2",
      "resolved": "https://registry.npmjs.org/safer-buffer/-/safer-buffer-2.1.2.tgz",
      "integrity": "sha512-YZo3K82SD7Riyi0E1EQPojLz7kpepnSQI9IyPbHHg1XXXevb5dJI7tpyN2ADxGcQbHG7vcyRHk0cbwqcQriUtg=="
    },
    "string-width": {
      "version": "1.0.2",
      "resolved": "https://registry.npmjs.org/string-width/-/string-width-1.0.2.tgz",
      "integrity": "sha1-EYvfW4zcUaKn5w0hHgfisLmxB9M=",
      "requires": {
        "code-point-at": "1.1.0",
        "is-fullwidth-code-point": "1.0.0",
        "strip-ansi": "3.0.1"
      }
    },
    "strip-ansi": {
      "version": "3.0.1",
      "resolved": "https://registry.npmjs.org/strip-ansi/-/strip-ansi-3.0.1.tgz",
      "integrity": "sha1-ajhfuIU9lS1f8F0Oiq+UJ43GPc8=",
      "requires": {
        "ansi-regex": "2.1.1"
      }
    },
    "tslib": {
      "version": "1.10.0",
      "resolved": "https://registry.npmjs.org/tslib/-/tslib-1.10.0.tgz",
      "integrity": "sha512-qOebF53frne81cf0S9B41ByenJ3/IuH8yJKngAX35CmiZySA0khhkovshKK+jGCaMnVomla7gVlIcc3EvKPbTQ=="
    },
    "websocket-driver": {
      "version": "0.7.3",
      "resolved": "https://registry.npmjs.org/websocket-driver/-/websocket-driver-0.7.3.tgz",
      "integrity": "sha512-bpxWlvbbB459Mlipc5GBzzZwhoZgGEZLuqPaR0INBGnPAY1vdBX6hPnoFXiw+3yWxDuHyQjO2oXTMyS8A5haFg==",
      "requires": {
        "http-parser-js": "0.4.10",
        "safe-buffer": "5.2.0",
        "websocket-extensions": "0.1.3"
      }
    },
    "websocket-extensions": {
      "version": "0.1.3",
      "resolved": "https://registry.npmjs.org/websocket-extensions/-/websocket-extensions-0.1.3.tgz",
      "integrity": "sha512-nqHUnMXmBzT0w570r2JpJxfiSD1IzoI+HGVdd3aZ0yNi3ngvQ4jv1dtHt5VGxfI2yj5yqImPhOK4vmIh2xMbGg=="
    },
    "whatwg-fetch": {
      "version": "3.0.0",
      "resolved": "https://registry.npmjs.org/whatwg-fetch/-/whatwg-fetch-3.0.0.tgz",
      "integrity": "sha512-9GSJUgz1D4MfyKU7KRqwOjXCXTqWdFNvEr7eUBYchQiVc744mqK/MzXPNR2WsPkmkOa4ywfg8C2n8h+13Bey1Q=="
    },
    "window-size": {
      "version": "0.1.4",
      "resolved": "https://registry.npmjs.org/window-size/-/window-size-0.1.4.tgz",
      "integrity": "sha1-+OGqHuWlPsW/FR/6CXQqatdpeHY="
    },
    "wrap-ansi": {
      "version": "2.1.0",
      "resolved": "https://registry.npmjs.org/wrap-ansi/-/wrap-ansi-2.1.0.tgz",
      "integrity": "sha1-2Pw9KE3QV5T+hJc8rs3Rz4JP3YU=",
      "requires": {
        "string-width": "1.0.2",
        "strip-ansi": "3.0.1"
      }
    },
    "xmlhttprequest": {
      "version": "1.8.0",
      "resolved": "https://registry.npmjs.org/xmlhttprequest/-/xmlhttprequest-1.8.0.tgz",
      "integrity": "sha1-Z/4HXFwk/vOfnWX197f+dRcZaPw="
    },
    "y18n": {
      "version": "3.2.1",
      "resolved": "https://registry.npmjs.org/y18n/-/y18n-3.2.1.tgz",
      "integrity": "sha1-bRX7qITAhnnA136I53WegR4H+kE="
    },
    "yargs": {
      "version": "3.32.0",
      "resolved": "https://registry.npmjs.org/yargs/-/yargs-3.32.0.tgz",
      "integrity": "sha1-AwiOnr+edWtpdRYR0qXvWRSCyZU=",
      "requires": {
        "camelcase": "2.1.1",
        "cliui": "3.2.0",
        "decamelize": "1.2.0",
        "os-locale": "1.4.0",
        "string-width": "1.0.2",
        "window-size": "0.1.4",
        "y18n": "3.2.1"
      }
    }
  }
}
