{
  "name": "antd-test",
  "version": "1.0.0",
  "lockfileVersion": 1,
  "requires": true,
  "dependencies": {
    "@ant-design/colors": {
      "version": "3.2.2",
      "resolved": "https://registry.npmjs.org/@ant-design/colors/-/colors-3.2.2.tgz",
      "integrity": "sha512-YKgNbG2dlzqMhA9NtI3/pbY16m3Yl/EeWBRa+lB1X1YaYxHrxNexiQYCLTWO/uDvAjLFMEDU+zR901waBtMtjQ==",
      "requires": {
        "tinycolor2": "1.4.1"
      }
    },
    "@ant-design/create-react-context": {
      "version": "0.2.5",
      "resolved": "https://registry.npmjs.org/@ant-design/create-react-context/-/create-react-context-0.2.5.tgz",
      "integrity": "sha512-1rMAa4qgP2lfl/QBH9i78+Gjxtj9FTMpMyDGZsEBW5Kih72EuUo9958mV8PgpRkh4uwPSQ7vVZWXeyNZXVAFDg==",
      "requires": {
        "gud": "1.0.0",
        "warning": "4.0.3"
      }
    },
    "@ant-design/icons": {
      "version": "2.1.1",
      "resolved": "https://registry.npmjs.org/@ant-design/icons/-/icons-2.1.1.tgz",
      "integrity": "sha512-jCH+k2Vjlno4YWl6g535nHR09PwCEmTBKAG6VqF+rhkrSPRLfgpU2maagwbZPLjaHuU5Jd1DFQ2KJpQuI6uG8w=="
    },
    "@ant-design/icons-react": {
      "version": "2.0.1",
      "resolved": "https://registry.npmjs.org/@ant-design/icons-react/-/icons-react-2.0.1.tgz",
      "integrity": "sha512-r1QfoltMuruJZqdiKcbPim3d8LNsVPB733U0gZEUSxBLuqilwsW28K2rCTWSMTjmFX7Mfpf+v/wdiFe/XCqThw==",
      "requires": {
        "@ant-design/colors": "3.2.2",
        "babel-runtime": "6.26.0"
      }
    },
    "@types/prop-types": {
      "version": "15.7.3",
      "resolved": "https://registry.npmjs.org/@types/prop-types/-/prop-types-15.7.3.tgz",
      "integrity": "sha512-KfRL3PuHmqQLOG+2tGpRO26Ctg+Cq1E01D2DMriKEATHgWLfeNDmq9e29Q9WIky0dQ3NPkd1mzYH8Lm936Z9qw=="
    },
    "@types/react": {
      "version": "16.9.21",
      "resolved": "https://registry.npmjs.org/@types/react/-/react-16.9.21.tgz",
      "integrity": "sha512-xpmenCMeBwJRct8vmIfczlgdOXWIWASoOM857kxKfHlVQvDltRh7IFRVfGws79iO2jkNPXOeWREyKoClzhBaQA==",
      "requires": {
        "@types/prop-types": "15.7.3",
        "csstype": "2.6.9"
      }
    },
    "@types/react-slick": {
      "version": "0.23.4",
      "resolved": "https://registry.npmjs.org/@types/react-slick/-/react-slick-0.23.4.tgz",
      "integrity": "sha512-vXoIy4GUfB7/YgqubR4H7RALo+pRdMYCeLgWwV3MPwl5pggTlEkFBTF19R7u+LJc85uMqC7RfsbkqPLMQ4ab+A==",
      "requires": {
        "@types/react": "16.9.21"
      }
    },
    "add-dom-event-listener": {
      "version": "1.1.0",
      "resolved": "https://registry.npmjs.org/add-dom-event-listener/-/add-dom-event-listener-1.1.0.tgz",
      "integrity": "sha512-WCxx1ixHT0GQU9hb0KI/mhgRQhnU+U3GvwY6ZvVjYq8rsihIGoaIOUbY0yMPBxLH5MDtr0kz3fisWGNcbWW7Jw==",
      "requires": {
        "object-assign": "4.1.1"
      }
    },
    "antd": {
      "version": "3.26.11",
      "resolved": "https://registry.npmjs.org/antd/-/antd-3.26.11.tgz",
      "integrity": "sha512-LJZW/XWfv7u5L0mnctmwJEIRuT2rVi5A9SR4JE1vfMwjfJQT6n8bphcytElYXxCHr9xjQSONhuGLgeMz6AVoWQ==",
      "requires": {
        "@ant-design/create-react-context": "0.2.5",
        "@ant-design/icons": "2.1.1",
        "@ant-design/icons-react": "2.0.1",
        "@types/react-slick": "0.23.4",
        "array-tree-filter": "2.1.0",
        "babel-runtime": "6.26.0",
        "classnames": "2.2.6",
        "copy-to-clipboard": "3.2.1",
        "css-animation": "1.6.1",
        "dom-closest": "0.2.0",
        "enquire.js": "2.1.6",
        "is-mobile": "2.2.1",
        "lodash": "4.17.15",
        "moment": "2.24.0",
        "omit.js": "1.0.2",
        "prop-types": "15.7.2",
        "raf": "3.4.1",
        "rc-animate": "2.10.2",
        "rc-calendar": "9.15.9",
        "rc-cascader": "0.17.5",
        "rc-checkbox": "2.1.8",
        "rc-collapse": "1.11.8",
        "rc-dialog": "7.6.0",
        "rc-drawer": "3.1.3",
        "rc-dropdown": "2.4.1",
        "rc-editor-mention": "1.1.13",
        "rc-form": "2.4.11",
        "rc-input-number": "4.5.5",
        "rc-mentions": "0.4.2",
        "rc-menu": "7.5.5",
        "rc-notification": "3.3.1",
        "rc-pagination": "1.20.14",
        "rc-progress": "2.5.2",
        "rc-rate": "2.5.1",
        "rc-resize-observer": "0.1.3",
        "rc-select": "9.2.3",
        "rc-slider": "8.7.1",
        "rc-steps": "3.5.0",
        "rc-switch": "1.9.0",
        "rc-table": "6.10.11",
        "rc-tabs": "9.7.0",
        "rc-time-picker": "3.7.3",
        "rc-tooltip": "3.7.3",
        "rc-tree": "2.1.3",
        "rc-tree-select": "2.9.4",
        "rc-trigger": "2.6.5",
        "rc-upload": "2.9.4",
        "rc-util": "4.19.0",
        "react-lazy-load": "3.0.13",
        "react-lifecycles-compat": "3.0.4",
        "react-slick": "0.25.2",
        "resize-observer-polyfill": "1.5.1",
        "shallowequal": "1.1.0",
        "warning": "4.0.3"
      }
    },
    "array-tree-filter": {
      "version": "2.1.0",
      "resolved": "https://registry.npmjs.org/array-tree-filter/-/array-tree-filter-2.1.0.tgz",
      "integrity": "sha512-4ROwICNlNw/Hqa9v+rk5h22KjmzB1JGTMVKP2AKJBOCgb0yL0ASf0+YvCcLNNwquOHNX48jkeZIJ3a+oOQqKcw=="
    },
    "asap": {
      "version": "2.0.6",
      "resolved": "https://registry.npmjs.org/asap/-/asap-2.0.6.tgz",
      "integrity": "sha1-5QNHYR1+aQlDIIu9r+vLwvuGbUY="
    },
    "async-validator": {
      "version": "1.11.5",
      "resolved": "https://registry.npmjs.org/async-validator/-/async-validator-1.11.5.tgz",
      "integrity": "sha512-XNtCsMAeAH1pdLMEg1z8/Bb3a8cdCbui9QbJATRFHHHW5kT6+NPI3zSVQUXgikTFITzsg+kYY5NTWhM2Orwt9w=="
    },
    "babel-runtime": {
      "version": "6.26.0",
      "resolved": "https://registry.npmjs.org/babel-runtime/-/babel-runtime-6.26.0.tgz",
      "integrity": "sha1-llxwWGaOgrVde/4E/yM3vItWR/4=",
      "requires": {
        "core-js": "2.6.11",
        "regenerator-runtime": "0.11.1"
      }
    },
    "classnames": {
      "version": "2.2.6",
      "resolved": "https://registry.npmjs.org/classnames/-/classnames-2.2.6.tgz",
      "integrity": "sha512-JR/iSQOSt+LQIWwrwEzJ9uk0xfN3mTVYMwt1Ir5mUcSN6pU+V4zQFFaJsclJbPuAUQH+yfWef6tm7l1quW3C8Q=="
    },
    "component-classes": {
      "version": "1.2.6",
      "resolved": "https://registry.npmjs.org/component-classes/-/component-classes-1.2.6.tgz",
      "integrity": "sha1-xkI5TDYYpNiwuJGe/Mu9kw5c1pE=",
      "requires": {
        "component-indexof": "0.0.3"
      }
    },
    "component-indexof": {
      "version": "0.0.3",
      "resolved": "https://registry.npmjs.org/component-indexof/-/component-indexof-0.0.3.tgz",
      "integrity": "sha1-EdCRMSI5648yyPJa6csAL/6NPCQ="
    },
    "copy-to-clipboard": {
      "version": "3.2.1",
      "resolved": "https://registry.npmjs.org/copy-to-clipboard/-/copy-to-clipboard-3.2.1.tgz",
      "integrity": "sha512-btru1Q6RD9wbonIvEU5EfnhIRGHLo//BGXQ1hNAD2avIs/nBZlpbOeKtv3mhoUByN4DB9Cb6/vXBymj1S43KmA==",
      "requires": {
        "toggle-selection": "1.0.6"
      }
    },
    "core-js": {
      "version": "2.6.11",
      "resolved": "https://registry.npmjs.org/core-js/-/core-js-2.6.11.tgz",
      "integrity": "sha512-5wjnpaT/3dV+XB4borEsnAYQchn00XSgTAWKDkEqv+K8KevjbzmofK6hfJ9TZIlpj2N0xQpazy7PiRQiWHqzWg=="
    },
    "create-react-class": {
      "version": "15.6.3",
      "resolved": "https://registry.npmjs.org/create-react-class/-/create-react-class-15.6.3.tgz",
      "integrity": "sha512-M+/3Q6E6DLO6Yx3OwrWjwHBnvfXXYA7W+dFjt/ZDBemHO1DDZhsalX/NUtnTYclN6GfnBDRh4qRHjcDHmlJBJg==",
      "requires": {
        "fbjs": "0.8.17",
        "loose-envify": "1.4.0",
        "object-assign": "4.1.1"
      }
    },
    "css-animation": {
      "version": "1.6.1",
      "resolved": "https://registry.npmjs.org/css-animation/-/css-animation-1.6.1.tgz",
      "integrity": "sha512-/48+/BaEaHRY6kNQ2OIPzKf9A6g8WjZYjhiNDNuIVbsm5tXCGIAsHDjB4Xu1C4vXJtUWZo26O68OQkDpNBaPog==",
      "requires": {
        "babel-runtime": "6.26.0",
        "component-classes": "1.2.6"
      }
    },
    "csstype": {
      "version": "2.6.9",
      "resolved": "https://registry.npmjs.org/csstype/-/csstype-2.6.9.tgz",
      "integrity": "sha512-xz39Sb4+OaTsULgUERcCk+TJj8ylkL4aSVDQiX/ksxbELSqwkgt4d4RD7fovIdgJGSuNYqwZEiVjYY5l0ask+Q=="
    },
    "dom-align": {
      "version": "1.10.4",
      "resolved": "https://registry.npmjs.org/dom-align/-/dom-align-1.10.4.tgz",
      "integrity": "sha512-wytDzaru67AmqFOY4B9GUb/hrwWagezoYYK97D/vpK+ezg+cnuZO0Q2gltUPa7KfNmIqfRIYVCF8UhRDEHAmgQ=="
    },
    "dom-closest": {
      "version": "0.2.0",
      "resolved": "https://registry.npmjs.org/dom-closest/-/dom-closest-0.2.0.tgz",
      "integrity": "sha1-69n5HRvyLo1vR3h2u80+yQIWwM8=",
      "requires": {
        "dom-matches": "2.0.0"
      }
    },
    "dom-matches": {
      "version": "2.0.0",
      "resolved": "https://registry.npmjs.org/dom-matches/-/dom-matches-2.0.0.tgz",
      "integrity": "sha1-0nKLQWqHUzmA6wibhI0lPPI6dYw="
    },
    "dom-scroll-into-view": {
      "version": "1.2.1",
      "resolved": "https://registry.npmjs.org/dom-scroll-into-view/-/dom-scroll-into-view-1.2.1.tgz",
      "integrity": "sha1-6PNnMt0ImwIBqI14Fdw/iObWbH4="
    },
    "draft-js": {
      "version": "0.10.5",
      "resolved": "https://registry.npmjs.org/draft-js/-/draft-js-0.10.5.tgz",
      "integrity": "sha512-LE6jSCV9nkPhfVX2ggcRLA4FKs6zWq9ceuO/88BpXdNCS7mjRTgs0NsV6piUCJX9YxMsB9An33wnkMmU2sD2Zg==",
      "requires": {
        "fbjs": "0.8.17",
        "immutable": "3.7.6",
        "object-assign": "4.1.1"
      }
    },
    "encoding": {
      "version": "0.1.12",
      "resolved": "https://registry.npmjs.org/encoding/-/encoding-0.1.12.tgz",
      "integrity": "sha1-U4tm8+5izRq1HsMjgp0flIDHS+s=",
      "requires": {
        "iconv-lite": "0.4.24"
      }
    },
    "enquire.js": {
      "version": "2.1.6",
      "resolved": "https://registry.npmjs.org/enquire.js/-/enquire.js-2.1.6.tgz",
      "integrity": "sha1-PoeAybi4NQhMP2DhZtvDwqPImBQ="
    },
    "eventlistener": {
      "version": "0.0.1",
      "resolved": "https://registry.npmjs.org/eventlistener/-/eventlistener-0.0.1.tgz",
      "integrity": "sha1-7Suqu4UiJ68rz4iRUscsY8pTLrg="
    },
    "fbjs": {
      "version": "0.8.17",
      "resolved": "https://registry.npmjs.org/fbjs/-/fbjs-0.8.17.tgz",
      "integrity": "sha1-xNWY6taUkRJlPWWIsBpc3Nn5D90=",
      "requires": {
        "core-js": "1.2.7",
        "isomorphic-fetch": "2.2.1",
        "loose-envify": "1.4.0",
        "object-assign": "4.1.1",
        "promise": "7.3.1",
        "setimmediate": "1.0.5",
        "ua-parser-js": "0.7.21"
      },
      "dependencies": {
        "core-js": {
          "version": "1.2.7",
          "resolved": "https://registry.npmjs.org/core-js/-/core-js-1.2.7.tgz",
          "integrity": "sha1-ZSKUwUZR2yj6k70tX/KYOk8IxjY="
        }
      }
    },
    "gud": {
      "version": "1.0.0",
      "resolved": "https://registry.npmjs.org/gud/-/gud-1.0.0.tgz",
      "integrity": "sha512-zGEOVKFM5sVPPrYs7J5/hYEw2Pof8KCyOwyhG8sAF26mCAeUFAcYPu1mwB7hhpIP29zOIBaDqwuHdLp0jvZXjw=="
    },
    "hammerjs": {
      "version": "2.0.8",
      "resolved": "https://registry.npmjs.org/hammerjs/-/hammerjs-2.0.8.tgz",
      "integrity": "sha1-BO93hiz/K7edMPdpIJWTAiK/YPE="
    },
    "hoist-non-react-statics": {
      "version": "3.3.2",
      "resolved": "https://registry.npmjs.org/hoist-non-react-statics/-/hoist-non-react-statics-3.3.2.tgz",
      "integrity": "sha512-/gGivxi8JPKWNm/W0jSmzcMPpfpPLc3dY/6GxhX2hQ9iGj3aDfklV4ET7NjKpSinLpJ5vafa9iiGIEZg10SfBw==",
      "requires": {
        "react-is": "16.12.0"
      }
    },
    "iconv-lite": {
      "version": "0.4.24",
      "resolved": "https://registry.npmjs.org/iconv-lite/-/iconv-lite-0.4.24.tgz",
      "integrity": "sha512-v3MXnZAcvnywkTUEZomIActle7RXXeedOR31wwl7VlyoXO4Qi9arvSenNQWne1TcRwhCL1HwLI21bEqdpj8/rA==",
      "requires": {
        "safer-buffer": "2.1.2"
      }
    },
    "immutable": {
      "version": "3.7.6",
      "resolved": "https://registry.npmjs.org/immutable/-/immutable-3.7.6.tgz",
      "integrity": "sha1-E7TTyxK++hVIKib+Gy665kAHHks="
    },
    "is-mobile": {
      "version": "2.2.1",
      "resolved": "https://registry.npmjs.org/is-mobile/-/is-mobile-2.2.1.tgz",
      "integrity": "sha512-6zELsfVFr326eq2CI53yvqq6YBanOxKBybwDT+MbMS2laBnK6Ez8m5XHSuTQQbnKRfpDzCod1CMWW5q3wZYMvA=="
    },
    "is-stream": {
      "version": "1.1.0",
      "resolved": "https://registry.npmjs.org/is-stream/-/is-stream-1.1.0.tgz",
      "integrity": "sha1-EtSj3U5o4Lec6428hBc66A2RykQ="
    },
    "isomorphic-fetch": {
      "version": "2.2.1",
      "resolved": "https://registry.npmjs.org/isomorphic-fetch/-/isomorphic-fetch-2.2.1.tgz",
      "integrity": "sha1-YRrhrPFPXoH3KVB0coGf6XM1WKk=",
      "requires": {
        "node-fetch": "1.7.3",
        "whatwg-fetch": "3.0.0"
      }
    },
    "js-tokens": {
      "version": "4.0.0",
      "resolved": "https://registry.npmjs.org/js-tokens/-/js-tokens-4.0.0.tgz",
      "integrity": "sha512-RdJUflcE3cUzKiMqQgsCu06FPu9UdIJO0beYbPhHN4k6apgJtifcoCtT9bcxOpYBtpD2kCM6Sbzg4CausW/PKQ=="
    },
    "json2mq": {
      "version": "0.2.0",
      "resolved": "https://registry.npmjs.org/json2mq/-/json2mq-0.2.0.tgz",
      "integrity": "sha1-tje9O6nqvhIsg+lyBIOusQ0skEo=",
      "requires": {
        "string-convert": "0.2.1"
      }
    },
    "lodash": {
      "version": "4.17.15",
      "resolved": "https://registry.npmjs.org/lodash/-/lodash-4.17.15.tgz",
      "integrity": "sha512-8xOcRHvCjnocdS5cpwXQXVzmmh5e5+saE2QGoeQmbKmRS6J3VQppPOIt0MnmE+4xlZoumy0GPG0D0MVIQbNA1A=="
    },
    "lodash.debounce": {
      "version": "4.0.8",
      "resolved": "https://registry.npmjs.org/lodash.debounce/-/lodash.debounce-4.0.8.tgz",
      "integrity": "sha1-gteb/zCmfEAF/9XiUVMArZyk168="
    },
    "lodash.throttle": {
      "version": "4.1.1",
      "resolved": "https://registry.npmjs.org/lodash.throttle/-/lodash.throttle-4.1.1.tgz",
      "integrity": "sha1-wj6RtxAkKscMN/HhzaknTMOb8vQ="
    },
    "loose-envify": {
      "version": "1.4.0",
      "resolved": "https://registry.npmjs.org/loose-envify/-/loose-envify-1.4.0.tgz",
      "integrity": "sha512-lyuxPGr/Wfhrlem2CL/UcnUc1zcqKAImBDzukY7Y5F/yQiNdko6+fRLevlw1HgMySw7f611UIY408EtxRSoK3Q==",
      "requires": {
        "js-tokens": "4.0.0"
      }
    },
    "mini-store": {
      "version": "2.0.0",
      "resolved": "https://registry.npmjs.org/mini-store/-/mini-store-2.0.0.tgz",
      "integrity": "sha512-EG0CuwpQmX+XL4QVS0kxNwHW5ftSbhygu1qxQH0pipugjnPkbvkalCdQbEihMwtQY6d3MTN+MS0q+aurs+RfLQ==",
      "requires": {
        "hoist-non-react-statics": "2.5.5",
        "prop-types": "15.7.2",
        "react-lifecycles-compat": "3.0.4",
        "shallowequal": "1.1.0"
      },
      "dependencies": {
        "hoist-non-react-statics": {
          "version": "2.5.5",
          "resolved": "https://registry.npmjs.org/hoist-non-react-statics/-/hoist-non-react-statics-2.5.5.tgz",
          "integrity": "sha512-rqcy4pJo55FTTLWt+bU8ukscqHeE/e9KWvsOW2b/a3afxQZhwkQdT1rPPCJ0rYXdj4vNcasY8zHTH+jF/qStxw=="
        }
      }
    },
    "moment": {
      "version": "2.24.0",
      "resolved": "https://registry.npmjs.org/moment/-/moment-2.24.0.tgz",
      "integrity": "sha512-bV7f+6l2QigeBBZSM/6yTNq4P2fNpSWj/0e7jQcy87A8e7o2nAfP/34/2ky5Vw4B9S446EtIhodAzkFCcR4dQg=="
    },
    "mutationobserver-shim": {
      "version": "0.3.3",
      "resolved": "https://registry.npmjs.org/mutationobserver-shim/-/mutationobserver-shim-0.3.3.tgz",
      "integrity": "sha512-gciOLNN8Vsf7YzcqRjKzlAJ6y7e+B86u7i3KXes0xfxx/nfLmozlW1Vn+Sc9x3tPIePFgc1AeIFhtRgkqTjzDQ=="
    },
    "node-fetch": {
      "version": "1.7.3",
      "resolved": "https://registry.npmjs.org/node-fetch/-/node-fetch-1.7.3.tgz",
      "integrity": "sha512-NhZ4CsKx7cYm2vSrBAr2PvFOe6sWDf0UYLRqA6svUYg7+/TSfVAu49jYC4BvQ4Sms9SZgdqGBgroqfDhJdTyKQ==",
      "requires": {
        "encoding": "0.1.12",
        "is-stream": "1.1.0"
      }
    },
    "object-assign": {
      "version": "4.1.1",
      "resolved": "https://registry.npmjs.org/object-assign/-/object-assign-4.1.1.tgz",
      "integrity": "sha1-IQmtx5ZYh8/AXLvUQsrIv7s2CGM="
    },
    "omit.js": {
      "version": "1.0.2",
      "resolved": "https://registry.npmjs.org/omit.js/-/omit.js-1.0.2.tgz",
      "integrity": "sha512-/QPc6G2NS+8d4L/cQhbk6Yit1WTB6Us2g84A7A/1+w9d/eRGHyEqC5kkQtHVoHZ5NFWGG7tUGgrhVZwgZanKrQ==",
      "requires": {
        "babel-runtime": "6.26.0"
      }
    },
    "performance-now": {
      "version": "2.1.0",
      "resolved": "https://registry.npmjs.org/performance-now/-/performance-now-2.1.0.tgz",
      "integrity": "sha1-Ywn04OX6kT7BxpMHrjZLSzd8nns="
    },
    "promise": {
      "version": "7.3.1",
      "resolved": "https://registry.npmjs.org/promise/-/promise-7.3.1.tgz",
      "integrity": "sha512-nolQXZ/4L+bP/UGlkfaIujX9BKxGwmQ9OT4mOt5yvy8iK1h3wqTEJCijzGANTCCl9nWjY41juyAn2K3Q1hLLTg==",
      "requires": {
        "asap": "2.0.6"
      }
    },
    "prop-types": {
      "version": "15.7.2",
      "resolved": "https://registry.npmjs.org/prop-types/-/prop-types-15.7.2.tgz",
      "integrity": "sha512-8QQikdH7//R2vurIJSutZ1smHYTcLpRWEOlHnzcWHmBYrOGUysKwSsrC89BCiFj3CbrfJ/nXFdJepOVrY1GCHQ==",
      "requires": {
        "loose-envify": "1.4.0",
        "object-assign": "4.1.1",
        "react-is": "16.12.0"
      }
    },
    "raf": {
      "version": "3.4.1",
      "resolved": "https://registry.npmjs.org/raf/-/raf-3.4.1.tgz",
      "integrity": "sha512-Sq4CW4QhwOHE8ucn6J34MqtZCeWFP2aQSmrlroYgqAV1PjStIhJXxYuTgUIfkEk7zTLjmIjLmU5q+fbD1NnOJA==",
      "requires": {
        "performance-now": "2.1.0"
      }
    },
    "rc-align": {
      "version": "2.4.5",
      "resolved": "https://registry.npmjs.org/rc-align/-/rc-align-2.4.5.tgz",
      "integrity": "sha512-nv9wYUYdfyfK+qskThf4BQUSIadeI/dCsfaMZfNEoxm9HwOIioQ+LyqmMK6jWHAZQgOzMLaqawhuBXlF63vgjw==",
      "requires": {
        "babel-runtime": "6.26.0",
        "dom-align": "1.10.4",
        "prop-types": "15.7.2",
        "rc-util": "4.19.0"
      }
    },
    "rc-animate": {
      "version": "2.10.2",
      "resolved": "https://registry.npmjs.org/rc-animate/-/rc-animate-2.10.2.tgz",
      "integrity": "sha512-cE/A7piAzoWFSgUD69NmmMraqCeqVBa51UErod8NS3LUEqWfppSVagHfa0qHAlwPVPiIBg3emRONyny3eiH0Dg==",
      "requires": {
        "babel-runtime": "6.26.0",
        "classnames": "2.2.6",
        "css-animation": "1.6.1",
        "prop-types": "15.7.2",
        "raf": "3.4.1",
        "rc-util": "4.19.0",
        "react-lifecycles-compat": "3.0.4"
      }
    },
    "rc-calendar": {
      "version": "9.15.9",
      "resolved": "https://registry.npmjs.org/rc-calendar/-/rc-calendar-9.15.9.tgz",
      "integrity": "sha512-XOPzJlXYmLFIcwalXmzxKZrrAMD6dEPLRVoHG3wbBpErqjE8ugnXVjm9yXgtQh3Ho3Imhmt+KO0WGLv5T4WuAA==",
      "requires": {
        "babel-runtime": "6.26.0",
        "classnames": "2.2.6",
        "moment": "2.24.0",
        "prop-types": "15.7.2",
        "rc-trigger": "2.6.5",
        "rc-util": "4.19.0",
        "react-lifecycles-compat": "3.0.4"
      }
    },
    "rc-cascader": {
      "version": "0.17.5",
      "resolved": "https://registry.npmjs.org/rc-cascader/-/rc-cascader-0.17.5.tgz",
      "integrity": "sha512-WYMVcxU0+Lj+xLr4YYH0+yXODumvNXDcVEs5i7L1mtpWwYkubPV/zbQpn+jGKFCIW/hOhjkU4J1db8/P/UKE7A==",
      "requires": {
        "array-tree-filter": "2.1.0",
        "prop-types": "15.7.2",
        "rc-trigger": "2.6.5",
        "rc-util": "4.19.0",
        "react-lifecycles-compat": "3.0.4",
        "shallow-equal": "1.2.1",
        "warning": "4.0.3"
      }
    },
    "rc-checkbox": {
      "version": "2.1.8",
      "resolved": "https://registry.npmjs.org/rc-checkbox/-/rc-checkbox-2.1.8.tgz",
      "integrity": "sha512-6qOgh0/by0nVNASx6LZnhRTy17Etcgav+IrI7kL9V9kcDZ/g7K14JFlqrtJ3NjDq/Kyn+BPI1st1XvbkhfaJeg==",
      "requires": {
        "babel-runtime": "6.26.0",
        "classnames": "2.2.6",
        "prop-types": "15.7.2",
        "react-lifecycles-compat": "3.0.4"
      }
    },
    "rc-collapse": {
      "version": "1.11.8",
      "resolved": "https://registry.npmjs.org/rc-collapse/-/rc-collapse-1.11.8.tgz",
      "integrity": "sha512-8EhfPyScTYljkbRuIoHniSwZagD5UPpZ3CToYgoNYWC85L2qCbPYF7+OaC713FOrIkp6NbfNqXsITNxmDAmxog==",
      "requires": {
        "classnames": "2.2.6",
        "css-animation": "1.6.1",
        "prop-types": "15.7.2",
        "rc-animate": "2.10.2",
        "react-is": "16.12.0",
        "react-lifecycles-compat": "3.0.4",
        "shallowequal": "1.1.0"
      }
    },
    "rc-dialog": {
      "version": "7.6.0",
      "resolved": "https://registry.npmjs.org/rc-dialog/-/rc-dialog-7.6.0.tgz",
      "integrity": "sha512-N48vBPW8I53WycFHI4KXhuTUkB4mx+hixq1a9tcFMLoE7EhkAjbHvs0vGg+Bh/uFg5V00jmZBgQOIEbhcNal/A==",
      "requires": {
        "babel-runtime": "6.26.0",
        "rc-animate": "2.10.2",
        "rc-util": "4.19.0"
      }
    },
    "rc-drawer": {
      "version": "3.1.3",
      "resolved": "https://registry.npmjs.org/rc-drawer/-/rc-drawer-3.1.3.tgz",
      "integrity": "sha512-2z+RdxmzXyZde/1OhVMfDR1e/GBswFeWSZ7FS3Fdd0qhgVdpV1wSzILzzxRaT481ItB5hOV+e8pZT07vdJE8kg==",
      "requires": {
        "classnames": "2.2.6",
        "rc-util": "4.19.0",
        "react-lifecycles-compat": "3.0.4"
      }
    },
    "rc-dropdown": {
      "version": "2.4.1",
      "resolved": "https://registry.npmjs.org/rc-dropdown/-/rc-dropdown-2.4.1.tgz",
      "integrity": "sha512-p0XYn0wrOpAZ2fUGE6YJ6U8JBNc5ASijznZ6dkojdaEfQJAeZtV9KMEewhxkVlxGSbbdXe10ptjBlTEW9vEwEg==",
      "requires": {
        "babel-runtime": "6.26.0",
        "classnames": "2.2.6",
        "prop-types": "15.7.2",
        "rc-trigger": "2.6.5",
        "react-lifecycles-compat": "3.0.4"
      }
    },
    "rc-editor-core": {
      "version": "0.8.10",
      "resolved": "https://registry.npmjs.org/rc-editor-core/-/rc-editor-core-0.8.10.tgz",
      "integrity": "sha512-T3aHpeMCIYA1sdAI7ynHHjXy5fqp83uPlD68ovZ0oClTSc3tbHmyCxXlA+Ti4YgmcpCYv7avF6a+TIbAka53kw==",
      "requires": {
        "babel-runtime": "6.26.0",
        "classnames": "2.2.6",
        "draft-js": "0.10.5",
        "immutable": "3.7.6",
        "lodash": "4.17.15",
        "prop-types": "15.7.2",
        "setimmediate": "1.0.5"
      }
    },
    "rc-editor-mention": {
      "version": "1.1.13",
      "resolved": "https://registry.npmjs.org/rc-editor-mention/-/rc-editor-mention-1.1.13.tgz",
      "integrity": "sha512-3AOmGir91Fi2ogfRRaXLtqlNuIwQpvla7oUnGHS1+3eo7b+fUp5IlKcagqtwUBB5oDNofoySXkLBxzWvSYNp/Q==",
      "requires": {
        "babel-runtime": "6.26.0",
        "classnames": "2.2.6",
        "dom-scroll-into-view": "1.2.1",
        "draft-js": "0.10.5",
        "immutable": "3.7.6",
        "prop-types": "15.7.2",
        "rc-animate": "2.10.2",
        "rc-editor-core": "0.8.10"
      }
    },
    "rc-form": {
      "version": "2.4.11",
      "resolved": "https://registry.npmjs.org/rc-form/-/rc-form-2.4.11.tgz",
      "integrity": "sha512-8BL+FNlFLTOY/A5X6tU35GQJLSIpsmqpwn/tFAYQTczXc4dMJ33ggtH248Cum8+LS0jLTsJKG2L4Qp+1CkY+sA==",
      "requires": {
        "async-validator": "1.11.5",
        "babel-runtime": "6.26.0",
        "create-react-class": "15.6.3",
        "dom-scroll-into-view": "1.2.1",
        "hoist-non-react-statics": "3.3.2",
        "lodash": "4.17.15",
        "rc-util": "4.19.0",
        "warning": "4.0.3"
      }
    },
    "rc-hammerjs": {
      "version": "0.6.9",
      "resolved": "https://registry.npmjs.org/rc-hammerjs/-/rc-hammerjs-0.6.9.tgz",
      "integrity": "sha512-4llgWO3RgLyVbEqUdGsDfzUDqklRlQW5VEhE3x35IvhV+w//VPRG34SBavK3D2mD/UaLKaohgU41V4agiftC8g==",
      "requires": {
        "babel-runtime": "6.26.0",
        "hammerjs": "2.0.8",
        "prop-types": "15.7.2"
      }
    },
    "rc-input-number": {
      "version": "4.5.5",
      "resolved": "https://registry.npmjs.org/rc-input-number/-/rc-input-number-4.5.5.tgz",
      "integrity": "sha512-ZiKrNyzB0bmw2rHg/laOhgW8LQsHpZpGGpzhZ7EVIV7tH5NGD/a/o4umQfYPqaTB/iJD9tduVauaAaX3cu7U9Q==",
      "requires": {
        "babel-runtime": "6.26.0",
        "classnames": "2.2.6",
        "prop-types": "15.7.2",
        "rc-util": "4.19.0",
        "rmc-feedback": "2.0.0"
      }
    },
    "rc-mentions": {
      "version": "0.4.2",
      "resolved": "https://registry.npmjs.org/rc-mentions/-/rc-mentions-0.4.2.tgz",
      "integrity": "sha512-DTZurQzacLXOfVuiHydGzqkq7cFMHXF18l2jZ9PhWUn2cqvOSY3W4osN0Pq29AOMOBpcxdZCzgc7Lb0r/bgkDw==",
      "requires": {
        "@ant-design/create-react-context": "0.2.5",
        "classnames": "2.2.6",
        "rc-menu": "7.5.5",
        "rc-trigger": "2.6.5",
        "rc-util": "4.19.0",
        "react-lifecycles-compat": "3.0.4"
      }
    },
    "rc-menu": {
      "version": "7.5.5",
      "resolved": "https://registry.npmjs.org/rc-menu/-/rc-menu-7.5.5.tgz",
      "integrity": "sha512-4YJXJgrpUGEA1rMftXN7bDhrV5rPB8oBJoHqT+GVXtIWCanfQxEnM3fmhHQhatL59JoAFMZhJaNzhJIk4FUWCQ==",
      "requires": {
        "classnames": "2.2.6",
        "dom-scroll-into-view": "1.2.1",
        "mini-store": "2.0.0",
        "mutationobserver-shim": "0.3.3",
        "rc-animate": "2.10.2",
        "rc-trigger": "2.6.5",
        "rc-util": "4.19.0",
        "resize-observer-polyfill": "1.5.1",
        "shallowequal": "1.1.0"
      }
    },
    "rc-notification": {
      "version": "3.3.1",
      "resolved": "https://registry.npmjs.org/rc-notification/-/rc-notification-3.3.1.tgz",
      "integrity": "sha512-U5+f4BmBVfMSf3OHSLyRagsJ74yKwlrQAtbbL5ijoA0F2C60BufwnOcHG18tVprd7iaIjzZt1TKMmQSYSvgrig==",
      "requires": {
        "babel-runtime": "6.26.0",
        "classnames": "2.2.6",
        "prop-types": "15.7.2",
        "rc-animate": "2.10.2",
        "rc-util": "4.19.0"
      }
    },
    "rc-pagination": {
      "version": "1.20.14",
      "resolved": "https://registry.npmjs.org/rc-pagination/-/rc-pagination-1.20.14.tgz",
      "integrity": "sha512-sNKwbFrxiqATqcIIShfrFs8BT03n4UUwTAMYae+JhHTmILQmXdvimEnZbVuWcno6G02DAJcLrFpmkn1h2tmEJw==",
      "requires": {
        "babel-runtime": "6.26.0",
        "classnames": "2.2.6",
        "prop-types": "15.7.2",
        "react-lifecycles-compat": "3.0.4"
      }
    },
    "rc-progress": {
      "version": "2.5.2",
      "resolved": "https://registry.npmjs.org/rc-progress/-/rc-progress-2.5.2.tgz",
      "integrity": "sha512-ajI+MJkbBz9zYDuE9GQsY5gsyqPF7HFioZEDZ9Fmc+ebNZoiSeSJsTJImPFCg0dW/5WiRGUy2F69SX1aPtSJgA==",
      "requires": {
        "babel-runtime": "6.26.0",
        "prop-types": "15.7.2"
      }
    },
    "rc-rate": {
      "version": "2.5.1",
      "resolved": "https://registry.npmjs.org/rc-rate/-/rc-rate-2.5.1.tgz",
      "integrity": "sha512-3iJkNJT8xlHklPCdeZtUZmJmRVUbr6AHRlfSsztfYTXVlHrv2TcPn3XkHsH+12j812WVB7gvilS2j3+ffjUHXg==",
      "requires": {
        "classnames": "2.2.6",
        "prop-types": "15.7.2",
        "rc-util": "4.19.0",
        "react-lifecycles-compat": "3.0.4"
      }
    },
    "rc-resize-observer": {
      "version": "0.1.3",
      "resolved": "https://registry.npmjs.org/rc-resize-observer/-/rc-resize-observer-0.1.3.tgz",
      "integrity": "sha512-uzOQEwx83xdQSFOkOAM7x7GHIQKYnrDV4dWxtCxyG1BS1pkfJ4EvDeMfsvAJHSYkQXVBu+sgRHGbRtLG3qiuUg==",
      "requires": {
        "classnames": "2.2.6",
        "rc-util": "4.19.0",
        "resize-observer-polyfill": "1.5.1"
      }
    },
    "rc-select": {
      "version": "9.2.3",
      "resolved": "https://registry.npmjs.org/rc-select/-/rc-select-9.2.3.tgz",
      "integrity": "sha512-WhswxOMWiNnkXRbxyrj0kiIvyCfo/BaRPaYbsDetSIAU2yEDwKHF798blCP5u86KLOBKBvtxWLFCkSsQw1so5w==",
      "requires": {
        "babel-runtime": "6.26.0",
        "classnames": "2.2.6",
        "component-classes": "1.2.6",
        "dom-scroll-into-view": "1.2.1",
        "prop-types": "15.7.2",
        "raf": "3.4.1",
        "rc-animate": "2.10.2",
        "rc-menu": "7.5.5",
        "rc-trigger": "2.6.5",
        "rc-util": "4.19.0",
        "react-lifecycles-compat": "3.0.4",
        "warning": "4.0.3"
      }
    },
    "rc-slider": {
      "version": "8.7.1",
      "resolved": "https://registry.npmjs.org/rc-slider/-/rc-slider-8.7.1.tgz",
      "integrity": "sha512-WMT5mRFUEcrLWwTxsyS8jYmlaMsTVCZIGENLikHsNv+tE8ThU2lCoPfi/xFNUfJFNFSBFP3MwPez9ZsJmNp13g==",
      "requires": {
        "babel-runtime": "6.26.0",
        "classnames": "2.2.6",
        "prop-types": "15.7.2",
        "rc-tooltip": "3.7.3",
        "rc-util": "4.19.0",
        "react-lifecycles-compat": "3.0.4",
        "shallowequal": "1.1.0",
        "warning": "4.0.3"
      }
    },
    "rc-steps": {
      "version": "3.5.0",
      "resolved": "https://registry.npmjs.org/rc-steps/-/rc-steps-3.5.0.tgz",
      "integrity": "sha512-2Vkkrpa7PZbg7qPsqTNzVDov4u78cmxofjjnIHiGB9+9rqKS8oTLPzbW2uiWDr3Lk+yGwh8rbpGO1E6VAgBCOg==",
      "requires": {
        "babel-runtime": "6.26.0",
        "classnames": "2.2.6",
        "lodash": "4.17.15",
        "prop-types": "15.7.2"
      }
    },
    "rc-switch": {
      "version": "1.9.0",
      "resolved": "https://registry.npmjs.org/rc-switch/-/rc-switch-1.9.0.tgz",
      "integrity": "sha512-Isas+egaK6qSk64jaEw4GgPStY4umYDbT7ZY93bZF1Af+b/JEsKsJdNOU2qG3WI0Z6tXo2DDq0kJCv8Yhu0zww==",
      "requires": {
        "classnames": "2.2.6",
        "prop-types": "15.7.2",
        "react-lifecycles-compat": "3.0.4"
      }
    },
    "rc-table": {
      "version": "6.10.11",
      "resolved": "https://registry.npmjs.org/rc-table/-/rc-table-6.10.11.tgz",
      "integrity": "sha512-YcTlpO4RKlcM7Mio2FjcUOqRUyGU4edtOBG4x5kwZNHwZdfBm7m6VQuyQ/i6qec5S67EP86wiFbmKU54Z2HtFQ==",
      "requires": {
        "classnames": "2.2.6",
        "component-classes": "1.2.6",
        "lodash": "4.17.15",
        "mini-store": "2.0.0",
        "prop-types": "15.7.2",
        "rc-util": "4.19.0",
        "react-lifecycles-compat": "3.0.4",
        "shallowequal": "1.1.0"
      }
    },
    "rc-tabs": {
      "version": "9.7.0",
      "resolved": "https://registry.npmjs.org/rc-tabs/-/rc-tabs-9.7.0.tgz",
      "integrity": "sha512-kvmgp8/MfLzFZ06hWHignqomFQ5nF7BqKr5O1FfhE4VKsGrep52YSF/1MvS5oe0NPcI9XGNS2p751C5v6cYDpQ==",
      "requires": {
        "@ant-design/create-react-context": "0.2.5",
        "babel-runtime": "6.26.0",
        "classnames": "2.2.6",
        "lodash": "4.17.15",
        "prop-types": "15.7.2",
        "raf": "3.4.1",
        "rc-hammerjs": "0.6.9",
        "rc-util": "4.19.0",
        "react-lifecycles-compat": "3.0.4",
        "resize-observer-polyfill": "1.5.1",
        "warning": "4.0.3"
      }
    },
    "rc-time-picker": {
      "version": "3.7.3",
      "resolved": "https://registry.npmjs.org/rc-time-picker/-/rc-time-picker-3.7.3.tgz",
      "integrity": "sha512-Lv1Mvzp9fRXhXEnRLO4nW6GLNxUkfAZ3RsiIBsWjGjXXvMNjdr4BX/ayElHAFK0DoJqOhm7c5tjmIYpEOwcUXg==",
      "requires": {
        "classnames": "2.2.6",
        "moment": "2.24.0",
        "prop-types": "15.7.2",
        "raf": "3.4.1",
        "rc-trigger": "2.6.5",
        "react-lifecycles-compat": "3.0.4"
      }
    },
    "rc-tooltip": {
      "version": "3.7.3",
      "resolved": "https://registry.npmjs.org/rc-tooltip/-/rc-tooltip-3.7.3.tgz",
      "integrity": "sha512-dE2ibukxxkrde7wH9W8ozHKUO4aQnPZ6qBHtrTH9LoO836PjDdiaWO73fgPB05VfJs9FbZdmGPVEbXCeOP99Ww==",
      "requires": {
        "babel-runtime": "6.26.0",
        "prop-types": "15.7.2",
        "rc-trigger": "2.6.5"
      }
    },
    "rc-tree": {
      "version": "2.1.3",
      "resolved": "https://registry.npmjs.org/rc-tree/-/rc-tree-2.1.3.tgz",
      "integrity": "sha512-COvV65spQ6omrHBUhHRKqKNL5+ddXjlS+qWZchaL9FFuQNvjM5pjp9RnmMWK4fJJ5kBhhpLneh6wh9Vh3kSMXQ==",
      "requires": {
        "@ant-design/create-react-context": "0.2.5",
        "classnames": "2.2.6",
        "prop-types": "15.7.2",
        "rc-animate": "2.10.2",
        "rc-util": "4.19.0",
        "react-lifecycles-compat": "3.0.4",
        "warning": "4.0.3"
      }
    },
    "rc-tree-select": {
      "version": "2.9.4",
      "resolved": "https://registry.npmjs.org/rc-tree-select/-/rc-tree-select-2.9.4.tgz",
      "integrity": "sha512-0HQkXAN4XbfBW20CZYh3G+V+VMrjX42XRtDCpyv6PDUm5vikC0Ob682ZBCVS97Ww2a5Hf6Ajmu0ahWEdIEpwhg==",
      "requires": {
        "classnames": "2.2.6",
        "dom-scroll-into-view": "1.2.1",
        "prop-types": "15.7.2",
        "raf": "3.4.1",
        "rc-animate": "2.10.2",
        "rc-tree": "2.1.3",
        "rc-trigger": "3.0.0",
        "rc-util": "4.19.0",
        "react-lifecycles-compat": "3.0.4",
        "shallowequal": "1.1.0",
        "warning": "4.0.3"
      },
      "dependencies": {
        "rc-trigger": {
          "version": "3.0.0",
          "resolved": "https://registry.npmjs.org/rc-trigger/-/rc-trigger-3.0.0.tgz",
          "integrity": "sha512-hQxbbJpo23E2QnYczfq3Ec5J5tVl2mUDhkqxrEsQAqk16HfADQg+iKNWzEYXyERSncdxfnzYuaBgy764mNRzTA==",
          "requires": {
            "babel-runtime": "6.26.0",
            "classnames": "2.2.6",
            "prop-types": "15.7.2",
            "raf": "3.4.1",
            "rc-align": "2.4.5",
            "rc-animate": "3.0.0-rc.6",
            "rc-util": "4.19.0"
          },
          "dependencies": {
            "rc-animate": {
              "version": "3.0.0-rc.6",
              "resolved": "https://registry.npmjs.org/rc-animate/-/rc-animate-3.0.0-rc.6.tgz",
              "integrity": "sha512-oBLPpiT6Q4t6YvD/pkLcmofBP1p01TX0Otse8Q4+Mxt8J+VSDflLZGIgf62EwkvRwsQUkLPjZVFBsldnPKLzjg==",
              "requires": {
                "babel-runtime": "6.26.0",
                "classnames": "2.2.6",
                "component-classes": "1.2.6",
                "fbjs": "0.8.17",
                "prop-types": "15.7.2",
                "raf": "3.4.1",
                "rc-util": "4.19.0",
                "react-lifecycles-compat": "3.0.4"
              }
            }
          }
        }
      }
    },
    "rc-trigger": {
      "version": "2.6.5",
      "resolved": "https://registry.npmjs.org/rc-trigger/-/rc-trigger-2.6.5.tgz",
      "integrity": "sha512-m6Cts9hLeZWsTvWnuMm7oElhf+03GOjOLfTuU0QmdB9ZrW7jR2IpI5rpNM7i9MvAAlMAmTx5Zr7g3uu/aMvZAw==",
      "requires": {
        "babel-runtime": "6.26.0",
        "classnames": "2.2.6",
        "prop-types": "15.7.2",
        "rc-align": "2.4.5",
        "rc-animate": "2.10.2",
        "rc-util": "4.19.0",
        "react-lifecycles-compat": "3.0.4"
      }
    },
    "rc-upload": {
      "version": "2.9.4",
      "resolved": "https://registry.npmjs.org/rc-upload/-/rc-upload-2.9.4.tgz",
      "integrity": "sha512-WXt0HGxXyzLrPV6iec/96Rbl/6dyrAW8pKuY6wwD7yFYwfU5bjgKjv7vC8KNMJ6wzitFrZjnoiogNL3dF9dj3Q==",
      "requires": {
        "babel-runtime": "6.26.0",
        "classnames": "2.2.6",
        "prop-types": "15.7.2",
        "warning": "4.0.3"
      }
    },
    "rc-util": {
      "version": "4.19.0",
      "resolved": "https://registry.npmjs.org/rc-util/-/rc-util-4.19.0.tgz",
      "integrity": "sha512-mptALlLwpeczS3nrv83DbwJNeupolbuvlIEjcvimSiWI8NUBjpF0HgG3kWp1RymiuiRCNm9yhaXqDz0a99dpgQ==",
      "requires": {
        "add-dom-event-listener": "1.1.0",
        "babel-runtime": "6.26.0",
        "prop-types": "15.7.2",
        "react-lifecycles-compat": "3.0.4",
        "shallowequal": "1.1.0"
      }
    },
    "react-is": {
      "version": "16.12.0",
      "resolved": "https://registry.npmjs.org/react-is/-/react-is-16.12.0.tgz",
      "integrity": "sha512-rPCkf/mWBtKc97aLL9/txD8DZdemK0vkA3JMLShjlJB3Pj3s+lpf1KaBzMfQrAmhMQB0n1cU/SUGgKKBCe837Q=="
    },
    "react-lazy-load": {
      "version": "3.0.13",
      "resolved": "https://registry.npmjs.org/react-lazy-load/-/react-lazy-load-3.0.13.tgz",
      "integrity": "sha1-OwqS0zbUPT8Nc8vm81sXBQsIuCQ=",
      "requires": {
        "eventlistener": "0.0.1",
        "lodash.debounce": "4.0.8",
        "lodash.throttle": "4.1.1",
        "prop-types": "15.7.2"
      }
    },
    "react-lifecycles-compat": {
      "version": "3.0.4",
      "resolved": "https://registry.npmjs.org/react-lifecycles-compat/-/react-lifecycles-compat-3.0.4.tgz",
      "integrity": "sha512-fBASbA6LnOU9dOU2eW7aQ8xmYBSXUIWr+UmF9b1efZBazGNO+rcXT/icdKnYm2pTwcRylVUYwW7H1PHfLekVzA=="
    },
    "react-slick": {
      "version": "0.25.2",
      "resolved": "https://registry.npmjs.org/react-slick/-/react-slick-0.25.2.tgz",
      "integrity": "sha512-8MNH/NFX/R7zF6W/w+FS5VXNyDusF+XDW1OU0SzODEU7wqYB+ZTGAiNJ++zVNAVqCAHdyCybScaUB+FCZOmBBw==",
      "requires": {
        "classnames": "2.2.6",
        "enquire.js": "2.1.6",
        "json2mq": "0.2.0",
        "lodash.debounce": "4.0.8",
        "resize-observer-polyfill": "1.5.1"
      }
    },
    "regenerator-runtime": {
      "version": "0.11.1",
      "resolved": "https://registry.npmjs.org/regenerator-runtime/-/regenerator-runtime-0.11.1.tgz",
      "integrity": "sha512-MguG95oij0fC3QV3URf4V2SDYGJhJnJGqvIIgdECeODCT98wSWDAJ94SSuVpYQUoTcGUIL6L4yNB7j1DFFHSBg=="
    },
    "resize-observer-polyfill": {
      "version": "1.5.1",
      "resolved": "https://registry.npmjs.org/resize-observer-polyfill/-/resize-observer-polyfill-1.5.1.tgz",
      "integrity": "sha512-LwZrotdHOo12nQuZlHEmtuXdqGoOD0OhaxopaNFxWzInpEgaLWoVuAMbTzixuosCx2nEG58ngzW3vxdWoxIgdg=="
    },
    "rmc-feedback": {
      "version": "2.0.0",
      "resolved": "https://registry.npmjs.org/rmc-feedback/-/rmc-feedback-2.0.0.tgz",
      "integrity": "sha512-5PWOGOW7VXks/l3JzlOU9NIxRpuaSS8d9zA3UULUCuTKnpwBHNvv1jSJzxgbbCQeYzROWUpgKI4za3X4C/mKmQ==",
      "requires": {
        "babel-runtime": "6.26.0",
        "classnames": "2.2.6"
      }
    },
    "safer-buffer": {
      "version": "2.1.2",
      "resolved": "https://registry.npmjs.org/safer-buffer/-/safer-buffer-2.1.2.tgz",
      "integrity": "sha512-YZo3K82SD7Riyi0E1EQPojLz7kpepnSQI9IyPbHHg1XXXevb5dJI7tpyN2ADxGcQbHG7vcyRHk0cbwqcQriUtg=="
    },
    "setimmediate": {
      "version": "1.0.5",
      "resolved": "https://registry.npmjs.org/setimmediate/-/setimmediate-1.0.5.tgz",
      "integrity": "sha1-KQy7Iy4waULX1+qbg3Mqt4VvgoU="
    },
    "shallow-equal": {
      "version": "1.2.1",
      "resolved": "https://registry.npmjs.org/shallow-equal/-/shallow-equal-1.2.1.tgz",
      "integrity": "sha512-S4vJDjHHMBaiZuT9NPb616CSmLf618jawtv3sufLl6ivK8WocjAo58cXwbRV1cgqxH0Qbv+iUt6m05eqEa2IRA=="
    },
    "shallowequal": {
      "version": "1.1.0",
      "resolved": "https://registry.npmjs.org/shallowequal/-/shallowequal-1.1.0.tgz",
      "integrity": "sha512-y0m1JoUZSlPAjXVtPPW70aZWfIL/dSP7AFkRnniLCrK/8MDKog3TySTBmckD+RObVxH0v4Tox67+F14PdED2oQ=="
    },
    "string-convert": {
      "version": "0.2.1",
      "resolved": "https://registry.npmjs.org/string-convert/-/string-convert-0.2.1.tgz",
      "integrity": "sha1-aYLMMEn7tM2F+LJFaLnZvznu/5c="
    },
    "tinycolor2": {
      "version": "1.4.1",
      "resolved": "https://registry.npmjs.org/tinycolor2/-/tinycolor2-1.4.1.tgz",
      "integrity": "sha1-9PrTM0R7wLB9TcjpIJ2POaisd+g="
    },
    "toggle-selection": {
      "version": "1.0.6",
      "resolved": "https://registry.npmjs.org/toggle-selection/-/toggle-selection-1.0.6.tgz",
      "integrity": "sha1-bkWxJj8gF/oKzH2J14sVuL932jI="
    },
    "ua-parser-js": {
      "version": "0.7.21",
      "resolved": "https://registry.npmjs.org/ua-parser-js/-/ua-parser-js-0.7.21.tgz",
      "integrity": "sha512-+O8/qh/Qj8CgC6eYBVBykMrNtp5Gebn4dlGD/kKXVkJNDwyrAwSIqwz8CDf+tsAIWVycKcku6gIXJ0qwx/ZXaQ=="
    },
    "warning": {
      "version": "4.0.3",
      "resolved": "https://registry.npmjs.org/warning/-/warning-4.0.3.tgz",
      "integrity": "sha512-rpJyN222KWIvHJ/F53XSZv0Zl/accqHR8et1kpaMTD/fLCRxtV8iX8czMzY7sVZupTI3zcUTg8eycS2kNF9l6w==",
      "requires": {
        "loose-envify": "1.4.0"
      }
    },
    "whatwg-fetch": {
      "version": "3.0.0",
      "resolved": "https://registry.npmjs.org/whatwg-fetch/-/whatwg-fetch-3.0.0.tgz",
      "integrity": "sha512-9GSJUgz1D4MfyKU7KRqwOjXCXTqWdFNvEr7eUBYchQiVc744mqK/MzXPNR2WsPkmkOa4ywfg8C2n8h+13Bey1Q=="
    }
  }
}
