{
  "name": "jsonschema-test",
  "version": "1.0.0",
  "lockfileVersion": 1,
  "requires": true,
  "dependencies": {
    "jsonschema": {
      "version": "1.2.5",
      "resolved": "https://registry.npmjs.org/jsonschema/-/jsonschema-1.2.5.tgz",
      "integrity": "sha512-kVTF+08x25PQ0CjuVc0gRM9EUPb0Fe9Ln/utFOgcdxEIOHuU7ooBk/UPTd7t1M91pP35m0MU1T8M5P7vP1bRRw=="
    }
  }
}
