name: Update package-lock.json

on:
    schedule:
        # This is probably 6am UTC, which is 10pm PST or 11pm PDT
        # Alternatively, 6am local is also fine
        - cron: '0 6 * * *'
    workflow_dispatch: {}

jobs:
  build:
    runs-on: ubuntu-latest
    if: github.repository == 'microsoft/TypeScript'

    steps:
    - uses: actions/checkout@v3
      with:
        token: ${{ secrets.TS_BOT_GITHUB_TOKEN }}
    - uses: actions/setup-node@v3
      with:
        node-version: 16
    - run: |
        corepack enable npm
        npm --version

    - name: Update package-lock.json and push
      run: |
        rm package-lock.json
        npm install
        git add -f package-lock.json

        if git diff --exit-code --name-only package-lock.json; then
          echo "No change."
        else
          npm test
          npx hereby lkg
          git config user.email "typescriptbot@microsoft.com"
          git config user.name "TypeScript Bot"
          git commit -m "Update package-lock.json"
          git push
        fi
